// !$*UTF8*$!
{
	archiveVersion = 1;
	classes = {
	};
	objectVersion = 51;
	objects = {

/* Begin PBXBuildFile section */
		028A509F63D8C48934F538B7 /* Assets.xcassets in Resources */ = {isa = PBXBuildFile; fileRef = 2BBC650093949B78908C4C32 /* Assets.xcassets */; };
		061E00C334642ACD5A3C52F2 /* LaunchingApplicationService.swift in Sources */ = {isa = PBXBuildFile; fileRef = 417E415457A20FC10E766116 /* LaunchingApplicationService.swift */; };
		065C8C0E1BF1D420C7E6D0AB /* ProjectsViewOutput.swift in Sources */ = {isa = PBXBuildFile; fileRef = 9E17E2CD57748AA6A81D76B6 /* ProjectsViewOutput.swift */; };
		07E3108D9C6BA3B26204167E /* ProjectsViewController.swift in Sources */ = {isa = PBXBuildFile; fileRef = 1EF7A9C8EF1CEF2039FB1E75 /* ProjectsViewController.swift */; };
		07F2246E5C21E7E6B760AB71 /* Strings.swift in Sources */ = {isa = PBXBuildFile; fileRef = 62B591DEFD2BC486CE0F9DE4 /* Strings.swift */; };
		0B65E61A3779CB00BA8CBFA3 /* TabBarModuleOutput.swift in Sources */ = {isa = PBXBuildFile; fileRef = 574D83EEE359DB5EEE76EC99 /* TabBarModuleOutput.swift */; };
		0C7720C4965B1FC708CD7129 /* Assets.xcassets in Resources */ = {isa = PBXBuildFile; fileRef = 2BBC650093949B78908C4C32 /* Assets.xcassets */; };
		0F01979F4317B8F65D01C742 /* ProjectsListViewInput.swift in Sources */ = {isa = PBXBuildFile; fileRef = 2B59532787CCC0EBAE8FEF9B /* ProjectsListViewInput.swift */; };
		12C152E3788FC9EF050FF988 /* TabBarPresenterTests.swift in Sources */ = {isa = PBXBuildFile; fileRef = B7FE3D7159868F53F6F8677A /* TabBarPresenterTests.swift */; };
		224E28226D408C3B6BFEF109 /* TabBarModuleConfigurator.swift in Sources */ = {isa = PBXBuildFile; fileRef = 83AB779C852A547F2B301693 /* TabBarModuleConfigurator.swift */; };
		24ABBF6A17F3942934AE7519 /* AuthModuleInput.swift in Sources */ = {isa = PBXBuildFile; fileRef = 5A407C0CC1F8C081293BCD36 /* AuthModuleInput.swift */; };
		27E4FCD550CB5452654B8556 /* Presentable.swift in Sources */ = {isa = PBXBuildFile; fileRef = F1347BE5081C315756CD443A /* Presentable.swift */; };
		2A774E6365BB17618FF761E9 /* Coordinator.swift in Sources */ = {isa = PBXBuildFile; fileRef = 2E0A6E69B7DF7A56C6FA3563 /* Coordinator.swift */; };
		2D30C6DF51C0DEB8137A5EBB /* LaunchingApplicationService.swift in Sources */ = {isa = PBXBuildFile; fileRef = 417E415457A20FC10E766116 /* LaunchingApplicationService.swift */; };
		2DA50EA97675FED94EA5E723 /* AuthViewInput.swift in Sources */ = {isa = PBXBuildFile; fileRef = 12790D0601FE667A7FABFCB1 /* AuthViewInput.swift */; };
		2E17E91F5DD44ECBC8BEDA68 /* ProjectsListModuleInput.swift in Sources */ = {isa = PBXBuildFile; fileRef = 31CEF3AF71DC469C638C07FE /* ProjectsListModuleInput.swift */; };
		3071CF549F05633BF790FAFD /* AuthModuleConfigurator.swift in Sources */ = {isa = PBXBuildFile; fileRef = 60E0253C41CB556A2C2983D2 /* AuthModuleConfigurator.swift */; };
		3430E4FD7D22DF2903CD63FC /* AuthViewController.storyboard in Resources */ = {isa = PBXBuildFile; fileRef = DD27A0122AB445301371CFBD /* AuthViewController.storyboard */; };
		3521C726307161A409C9647C /* Pods_JiraTimeTrackerDebug.framework in Frameworks */ = {isa = PBXBuildFile; fileRef = F992C76FFF3F400F6A3D43D6 /* Pods_JiraTimeTrackerDebug.framework */; };
		37B189EA642E6F6DB7A86BDA /* AuthPresenterTests.swift in Sources */ = {isa = PBXBuildFile; fileRef = 30F694CB6F23BE2D8AED6792 /* AuthPresenterTests.swift */; };
		39373DEAC1B253B2107F5C82 /* LaunchScreen.xib in Resources */ = {isa = PBXBuildFile; fileRef = 30B5D85B1DA1356CF11AB1CB /* LaunchScreen.xib */; };
		3A469E6E735AD3CBFBE45870 /* Strings.swift in Sources */ = {isa = PBXBuildFile; fileRef = 62B591DEFD2BC486CE0F9DE4 /* Strings.swift */; };
		3A9EB151CE81B0B00488E24D /* TabBarViewInput.swift in Sources */ = {isa = PBXBuildFile; fileRef = 49A8794FCBB25BE9281D467D /* TabBarViewInput.swift */; };
		3E8F4BA55785324FC7D15787 /* ProjectsListModuleConfigurator.swift in Sources */ = {isa = PBXBuildFile; fileRef = C7AA3299810FC6CB04A09AB4 /* ProjectsListModuleConfigurator.swift */; };
		4AA291F9EEB7319B3D1096E5 /* AuthModuleConfigurator.swift in Sources */ = {isa = PBXBuildFile; fileRef = 60E0253C41CB556A2C2983D2 /* AuthModuleConfigurator.swift */; };
		4B5906670B60369E5CABA192 /* ProjectsViewOutput.swift in Sources */ = {isa = PBXBuildFile; fileRef = 9E17E2CD57748AA6A81D76B6 /* ProjectsViewOutput.swift */; };
		4C859994DC2096F0D5604B42 /* UIApplication.swift in Sources */ = {isa = PBXBuildFile; fileRef = BB7EC20117E735D0AC88EED8 /* UIApplication.swift */; };
		52A5AC1D24EB92F99022B5D5 /* MainRouter.swift in Sources */ = {isa = PBXBuildFile; fileRef = 7C1B8D0B88AD7B67DBF88D33 /* MainRouter.swift */; };
		541C80A7CCB5C3A9DF953DF4 /* TabBarModuleInput.swift in Sources */ = {isa = PBXBuildFile; fileRef = EBBF0986E2B2D2C74FB9BF31 /* TabBarModuleInput.swift */; };
		577A10D1796D4839B026EF11 /* ProjectsListModuleOutput.swift in Sources */ = {isa = PBXBuildFile; fileRef = B924ACA5EC806E63E6A2733C /* ProjectsListModuleOutput.swift */; };
		5787D48B913764754AAA148A /* ProjectsListModuleOutput.swift in Sources */ = {isa = PBXBuildFile; fileRef = B924ACA5EC806E63E6A2733C /* ProjectsListModuleOutput.swift */; };
		582FB10EE65F0C6230D6A893 /* AuthViewOutput.swift in Sources */ = {isa = PBXBuildFile; fileRef = BA78287699EAF184E2959014 /* AuthViewOutput.swift */; };
		5F73B76A8A49F28312FE647F /* ProjectsPresenterTests.swift in Sources */ = {isa = PBXBuildFile; fileRef = 85723309D0418EA0D06ACDED /* ProjectsPresenterTests.swift */; };
		6015B34425C322A9199BDDFF /* TabBarPresenter.swift in Sources */ = {isa = PBXBuildFile; fileRef = 41E453D5A98C933FA7DD5865 /* TabBarPresenter.swift */; };
		630E231C569B7BD3DA8734D1 /* Pods_JiraTimeTrackerRelease.framework in Frameworks */ = {isa = PBXBuildFile; fileRef = 25558A03949F5BDE48CC70E3 /* Pods_JiraTimeTrackerRelease.framework */; };
		67AC8DA7B05B501A03DEE2A6 /* AuthViewInput.swift in Sources */ = {isa = PBXBuildFile; fileRef = 12790D0601FE667A7FABFCB1 /* AuthViewInput.swift */; };
		67B324101AE9DB8DC2EEDB2E /* XCTestCase.swift in Sources */ = {isa = PBXBuildFile; fileRef = FE2058748DD954BC862A932D /* XCTestCase.swift */; };
		69524DC876035BCB79072D19 /* TabBarViewTests.swift in Sources */ = {isa = PBXBuildFile; fileRef = 28D2107B98758926EB8F14EF /* TabBarViewTests.swift */; };
		6B23111F968E1A1B4EC38100 /* TabBarViewController.storyboard in Resources */ = {isa = PBXBuildFile; fileRef = 6DEAA5B4D3EE9DD7CA56DC9C /* TabBarViewController.storyboard */; };
		6E4AEBCD7E69D224C9AF0F8E /* AuthPresenter.swift in Sources */ = {isa = PBXBuildFile; fileRef = 2771DBDC76DD3FA27DD2A0C0 /* AuthPresenter.swift */; };
		6FAEC892116F49347687CA20 /* ProjectsViewController.swift in Sources */ = {isa = PBXBuildFile; fileRef = 1EF7A9C8EF1CEF2039FB1E75 /* ProjectsViewController.swift */; };
		769D7EDF0C29E30CCAD9FFAA /* LaunchScreen.xib in Resources */ = {isa = PBXBuildFile; fileRef = 30B5D85B1DA1356CF11AB1CB /* LaunchScreen.xib */; };
		7B81D01BDA220A4704B1DC20 /* TabBarViewController.swift in Sources */ = {isa = PBXBuildFile; fileRef = 4B580826A2B4958C924F333B /* TabBarViewController.swift */; };
		7F0C1983B990A40EC16FA95F /* Router.swift in Sources */ = {isa = PBXBuildFile; fileRef = 99295062C664191DF43C1E40 /* Router.swift */; };
		8027A4D97058C507ECFCB4B0 /* TabBarViewController.storyboard in Resources */ = {isa = PBXBuildFile; fileRef = 6DEAA5B4D3EE9DD7CA56DC9C /* TabBarViewController.storyboard */; };
		86BEF918ED4220F49D3515B9 /* BaseCoordinator.swift in Sources */ = {isa = PBXBuildFile; fileRef = B57AFA752F885C9290E8B938 /* BaseCoordinator.swift */; };
		89484B399031BF19F5AC7FD5 /* ProjectsListViewController.storyboard in Resources */ = {isa = PBXBuildFile; fileRef = D843C184F02AFAC7C04A1D95 /* ProjectsListViewController.storyboard */; };
		8C4F6986B073D6FA576C03CB /* ProjectsListViewInput.swift in Sources */ = {isa = PBXBuildFile; fileRef = 2B59532787CCC0EBAE8FEF9B /* ProjectsListViewInput.swift */; };
		8E56741F252A8ED8E95C9DF6 /* TabBarViewOutput.swift in Sources */ = {isa = PBXBuildFile; fileRef = 659B514CA0DF6EB2DE11D951 /* TabBarViewOutput.swift */; };
		8FEBC90FF4CC44F279D8F905 /* BaseCoordinator.swift in Sources */ = {isa = PBXBuildFile; fileRef = B57AFA752F885C9290E8B938 /* BaseCoordinator.swift */; };
		908ABBBAE3D2223BBCEE6DDD /* AppDelegate.swift in Sources */ = {isa = PBXBuildFile; fileRef = 5CED3D5F8F1D9E1F14B23F01 /* AppDelegate.swift */; };
		96D5F7518F1B05E81E157D5E /* ProjectsModuleConfiguratorTests.swift in Sources */ = {isa = PBXBuildFile; fileRef = 8329354A7F4B904AB1016B8E /* ProjectsModuleConfiguratorTests.swift */; };
		979AE2B83A01CB3284170BD5 /* AppDelegate.swift in Sources */ = {isa = PBXBuildFile; fileRef = 5CED3D5F8F1D9E1F14B23F01 /* AppDelegate.swift */; };
		97BE240EF94482C0FFDBCC60 /* TabBarViewInput.swift in Sources */ = {isa = PBXBuildFile; fileRef = 49A8794FCBB25BE9281D467D /* TabBarViewInput.swift */; };
		A1DB6FC4E27AA5F5D767F880 /* DeepLinkOption.swift in Sources */ = {isa = PBXBuildFile; fileRef = DFECE88BAA140E3A1E59E8CB /* DeepLinkOption.swift */; };
		A467C68592AB87565EE1E809 /* TabBarModuleInput.swift in Sources */ = {isa = PBXBuildFile; fileRef = EBBF0986E2B2D2C74FB9BF31 /* TabBarModuleInput.swift */; };
		A61F5DE5B07B13CA601755CC /* TabBarModuleConfigurator.swift in Sources */ = {isa = PBXBuildFile; fileRef = 83AB779C852A547F2B301693 /* TabBarModuleConfigurator.swift */; };
		AB1A186C50DB75B71EEAF8DF /* AuthViewController.swift in Sources */ = {isa = PBXBuildFile; fileRef = 313E1ABC7AE335F7A0A15BA2 /* AuthViewController.swift */; };
		ABB437EAC84E3F00F3448ED5 /* TabBarViewController.swift in Sources */ = {isa = PBXBuildFile; fileRef = 4B580826A2B4958C924F333B /* TabBarViewController.swift */; };
		ADD3FEFB2C74D31124CF8D08 /* AuthPresenter.swift in Sources */ = {isa = PBXBuildFile; fileRef = 2771DBDC76DD3FA27DD2A0C0 /* AuthPresenter.swift */; };
		B90C0E9B245B4B1B0021D4DE /* CGFloat.swift in Sources */ = {isa = PBXBuildFile; fileRef = B90C0E9A245B4B1B0021D4DE /* CGFloat.swift */; };
		B957D528245D9D850059C989 /* ProjectCategoryEntry.swift in Sources */ = {isa = PBXBuildFile; fileRef = B957D527245D9D850059C989 /* ProjectCategoryEntry.swift */; };
		B957D52A245D9DEB0059C989 /* ProjectCategoryEntity.swift in Sources */ = {isa = PBXBuildFile; fileRef = B957D529245D9DEB0059C989 /* ProjectCategoryEntity.swift */; };
		B9709E76245CE1E000BE7974 /* ProjectsCoordinator.swift in Sources */ = {isa = PBXBuildFile; fileRef = B9709E75245CE1E000BE7974 /* ProjectsCoordinator.swift */; };
		B9709E79245D5EAF00BE7974 /* ShortProjectCell.swift in Sources */ = {isa = PBXBuildFile; fileRef = B9709E78245D5EAF00BE7974 /* ShortProjectCell.swift */; };
		B9709E7C245D601100BE7974 /* UIStyle+UILabels.swift in Sources */ = {isa = PBXBuildFile; fileRef = B9709E7B245D601100BE7974 /* UIStyle+UILabels.swift */; };
		B9709E7E245D606500BE7974 /* CommonLabel.swift in Sources */ = {isa = PBXBuildFile; fileRef = B9709E7D245D606500BE7974 /* CommonLabel.swift */; };
		B9709E81245D647000BE7974 /* UIImageView+Nuke.swift in Sources */ = {isa = PBXBuildFile; fileRef = B9709E80245D647000BE7974 /* UIImageView+Nuke.swift */; };
		B9709E83245D68B200BE7974 /* UserEntity.swift in Sources */ = {isa = PBXBuildFile; fileRef = B9709E82245D68B200BE7974 /* UserEntity.swift */; };
		B9709E85245D68BA00BE7974 /* UserEntry.swift in Sources */ = {isa = PBXBuildFile; fileRef = B9709E84245D68BA00BE7974 /* UserEntry.swift */; };
		B974A5DC245D72B3003E6AEC /* NonNibCellGenrator.swift in Sources */ = {isa = PBXBuildFile; fileRef = B974A5DB245D72B2003E6AEC /* NonNibCellGenrator.swift */; };
		B980745C245B5C3A006DCC69 /* UIStyle+Controls.swift in Sources */ = {isa = PBXBuildFile; fileRef = B980745B245B5C3A006DCC69 /* UIStyle+Controls.swift */; };
		B980745E245B5CFA006DCC69 /* CommonUIButtonStyle.swift in Sources */ = {isa = PBXBuildFile; fileRef = B980745D245B5CFA006DCC69 /* CommonUIButtonStyle.swift */; };
		B9807461245B5F59006DCC69 /* CommonUnderlineTextFieldStyle.swift in Sources */ = {isa = PBXBuildFile; fileRef = B9807460245B5F59006DCC69 /* CommonUnderlineTextFieldStyle.swift */; };
		B9807463245B61A1006DCC69 /* UIStyle+TextFields.swift in Sources */ = {isa = PBXBuildFile; fileRef = B9807462245B61A1006DCC69 /* UIStyle+TextFields.swift */; };
		B9807465245B723A006DCC69 /* UIStyle+Buttons.swift in Sources */ = {isa = PBXBuildFile; fileRef = B9807464245B723A006DCC69 /* UIStyle+Buttons.swift */; };
		B9807467245B735F006DCC69 /* Colors.swift in Sources */ = {isa = PBXBuildFile; fileRef = B9807466245B735F006DCC69 /* Colors.swift */; };
		B9807469245B7D8D006DCC69 /* CommonTextFieldStyle.swift in Sources */ = {isa = PBXBuildFile; fileRef = B9807468245B7D8D006DCC69 /* CommonTextFieldStyle.swift */; };
		B9CAB5BC245B824B008C83C1 /* Localizable.strings in Resources */ = {isa = PBXBuildFile; fileRef = B9CAB5BF245B824B008C83C1 /* Localizable.strings */; };
		B9CAB5BD245B824B008C83C1 /* Localizable.strings in Resources */ = {isa = PBXBuildFile; fileRef = B9CAB5BF245B824B008C83C1 /* Localizable.strings */; };
		B9CAB5C2245C5E30008C83C1 /* MessageBannerDisplaybale.swift in Sources */ = {isa = PBXBuildFile; fileRef = B9CAB5C1245C5E30008C83C1 /* MessageBannerDisplaybale.swift */; };
		B9CAB5C5245C602A008C83C1 /* MessageBannerView.swift in Sources */ = {isa = PBXBuildFile; fileRef = B9CAB5C4245C602A008C83C1 /* MessageBannerView.swift */; };
		B9CAB5C7245C6840008C83C1 /* Appearence.swift in Sources */ = {isa = PBXBuildFile; fileRef = B9CAB5C6245C6840008C83C1 /* Appearence.swift */; };
		B9FC6C7B245CA07800F51B7A /* JiraProjectService.swift in Sources */ = {isa = PBXBuildFile; fileRef = B9FC6C7A245CA07800F51B7A /* JiraProjectService.swift */; };
		B9FC6C7D245CA3F500F51B7A /* ShortProjectEntry.swift in Sources */ = {isa = PBXBuildFile; fileRef = B9FC6C7C245CA3F500F51B7A /* ShortProjectEntry.swift */; };
		B9FC6C7F245CA42F00F51B7A /* AvatarUrlEntry.swift in Sources */ = {isa = PBXBuildFile; fileRef = B9FC6C7E245CA42F00F51B7A /* AvatarUrlEntry.swift */; };
		B9FC6C81245CA5C800F51B7A /* AvatarUrlEntity.swift in Sources */ = {isa = PBXBuildFile; fileRef = B9FC6C80245CA5C800F51B7A /* AvatarUrlEntity.swift */; };
		B9FC6C83245CA64A00F51B7A /* ShortProjectEntity.swift in Sources */ = {isa = PBXBuildFile; fileRef = B9FC6C82245CA64A00F51B7A /* ShortProjectEntity.swift */; };
		B9FC6C87245CA71F00F51B7A /* JiraProjectsRoutes.swift in Sources */ = {isa = PBXBuildFile; fileRef = B9FC6C86245CA71F00F51B7A /* JiraProjectsRoutes.swift */; };
		B9FC6C89245CA77D00F51B7A /* ApiConstants.swift in Sources */ = {isa = PBXBuildFile; fileRef = B9FC6C88245CA77D00F51B7A /* ApiConstants.swift */; };
		B9FC6C8B245CA99B00F51B7A /* JiraProjectsNetworkService.swift in Sources */ = {isa = PBXBuildFile; fileRef = B9FC6C8A245CA99B00F51B7A /* JiraProjectsNetworkService.swift */; };
		B9FC6C8E245CAAD200F51B7A /* JiraAuthService.swift in Sources */ = {isa = PBXBuildFile; fileRef = B9FC6C8D245CAAD200F51B7A /* JiraAuthService.swift */; };
		B9FC6C90245CAB1B00F51B7A /* JiraAuthByProjectsService.swift in Sources */ = {isa = PBXBuildFile; fileRef = B9FC6C8F245CAB1B00F51B7A /* JiraAuthByProjectsService.swift */; };
		B9FC6C93245CB15900F51B7A /* Closures.swift in Sources */ = {isa = PBXBuildFile; fileRef = B9FC6C92245CB15900F51B7A /* Closures.swift */; };
		B9FC6C95245CC17700F51B7A /* ApplicationCoordinator.swift in Sources */ = {isa = PBXBuildFile; fileRef = B9FC6C94245CC17700F51B7A /* ApplicationCoordinator.swift */; };
		B9FC6C97245CC1C300F51B7A /* AuthCoordinator.swift in Sources */ = {isa = PBXBuildFile; fileRef = B9FC6C96245CC1C300F51B7A /* AuthCoordinator.swift */; };
		B9FC6C99245CD28800F51B7A /* Tabs.swift in Sources */ = {isa = PBXBuildFile; fileRef = B9FC6C98245CD28800F51B7A /* Tabs.swift */; };
		B9FC6C9B245CD49300F51B7A /* AuhthorizedChain.swift in Sources */ = {isa = PBXBuildFile; fileRef = B9FC6C9A245CD49300F51B7A /* AuhthorizedChain.swift */; };
		B9FC6C9E245CD53700F51B7A /* TokenMetaDataProvider.swift in Sources */ = {isa = PBXBuildFile; fileRef = B9FC6C9D245CD53700F51B7A /* TokenMetaDataProvider.swift */; };
		B9FC6CA0245CDC3400F51B7A /* AuthorizedCoordinator.swift in Sources */ = {isa = PBXBuildFile; fileRef = B9FC6C9F245CDC3400F51B7A /* AuthorizedCoordinator.swift */; };
		C732EE192D538800B139B05A /* Assets.swift in Sources */ = {isa = PBXBuildFile; fileRef = 5A9678E574F01E8F5764781C /* Assets.swift */; };
		C874965F653DACF8BD244D1E /* Assets.swift in Sources */ = {isa = PBXBuildFile; fileRef = 5A9678E574F01E8F5764781C /* Assets.swift */; };
		C9A29A0146191E52F291E12C /* AuthViewController.swift in Sources */ = {isa = PBXBuildFile; fileRef = 313E1ABC7AE335F7A0A15BA2 /* AuthViewController.swift */; };
		CACBB7CBB899797FBBA518AB /* AuthViewOutput.swift in Sources */ = {isa = PBXBuildFile; fileRef = BA78287699EAF184E2959014 /* AuthViewOutput.swift */; };
		CBAFCB0D8509EB6271D8F609 /* MainRouter.swift in Sources */ = {isa = PBXBuildFile; fileRef = 7C1B8D0B88AD7B67DBF88D33 /* MainRouter.swift */; };
		CCFEF77F9E90859394772A36 /* Router.swift in Sources */ = {isa = PBXBuildFile; fileRef = 99295062C664191DF43C1E40 /* Router.swift */; };
		CDA297FBA847E6F43E38F367 /* ProjectsListPresenter.swift in Sources */ = {isa = PBXBuildFile; fileRef = 39AAB4D713DE5D1313A7A9A0 /* ProjectsListPresenter.swift */; };
		D0903C2DA6644AED2B3DD0B6 /* ProjectsViewTests.swift in Sources */ = {isa = PBXBuildFile; fileRef = A8B48E58F085D53824DCC8CF /* ProjectsViewTests.swift */; };
		D0E2633AA005613820BAF0B4 /* TabBarModuleOutput.swift in Sources */ = {isa = PBXBuildFile; fileRef = 574D83EEE359DB5EEE76EC99 /* TabBarModuleOutput.swift */; };
		D254937A355D3CDDF0503BE5 /* AuthModuleInput.swift in Sources */ = {isa = PBXBuildFile; fileRef = 5A407C0CC1F8C081293BCD36 /* AuthModuleInput.swift */; };
		D40C3FA9849224B62A519B33 /* AuthViewController.storyboard in Resources */ = {isa = PBXBuildFile; fileRef = DD27A0122AB445301371CFBD /* AuthViewController.storyboard */; };
		D418A1E00CE0C3E747CFD0CA /* ProjectsListModuleInput.swift in Sources */ = {isa = PBXBuildFile; fileRef = 31CEF3AF71DC469C638C07FE /* ProjectsListModuleInput.swift */; };
		D61EBC928BC876301A1B8BD9 /* TabBarViewOutput.swift in Sources */ = {isa = PBXBuildFile; fileRef = 659B514CA0DF6EB2DE11D951 /* TabBarViewOutput.swift */; };
		D67BC20BE17D9E97CB7BA601 /* AuthModuleOutput.swift in Sources */ = {isa = PBXBuildFile; fileRef = AA042CC345BA644509A811C9 /* AuthModuleOutput.swift */; };
		D8DE78AB178F621754C23D6E /* ProjectsListViewController.storyboard in Resources */ = {isa = PBXBuildFile; fileRef = D843C184F02AFAC7C04A1D95 /* ProjectsListViewController.storyboard */; };
		D998A7619052D4BC7B3CA03E /* TabBarModuleConfiguratorTests.swift in Sources */ = {isa = PBXBuildFile; fileRef = D815A232D2BFA40E7D7C1E5F /* TabBarModuleConfiguratorTests.swift */; };
		DAA13A10836CB35F6F6B781D /* ProjectsListPresenter.swift in Sources */ = {isa = PBXBuildFile; fileRef = 39AAB4D713DE5D1313A7A9A0 /* ProjectsListPresenter.swift */; };
		E15A2200FEC7959CE6FA8CF1 /* Presentable.swift in Sources */ = {isa = PBXBuildFile; fileRef = F1347BE5081C315756CD443A /* Presentable.swift */; };
		E1F5E43FFE97024BB3379641 /* Coordinator.swift in Sources */ = {isa = PBXBuildFile; fileRef = 2E0A6E69B7DF7A56C6FA3563 /* Coordinator.swift */; };
		EB2672743B731F27D5C1CF6F /* AuthModuleOutput.swift in Sources */ = {isa = PBXBuildFile; fileRef = AA042CC345BA644509A811C9 /* AuthModuleOutput.swift */; };
		EB70594F3EBDF31C274325EE /* AuthViewTests.swift in Sources */ = {isa = PBXBuildFile; fileRef = 25553E43C92A661B7171A3AA /* AuthViewTests.swift */; };
		EDE457FDF24084A998CFC42A /* TabBarPresenter.swift in Sources */ = {isa = PBXBuildFile; fileRef = 41E453D5A98C933FA7DD5865 /* TabBarPresenter.swift */; };
		F148E922C9694F4D8ECB9CF9 /* DeepLinkOption.swift in Sources */ = {isa = PBXBuildFile; fileRef = DFECE88BAA140E3A1E59E8CB /* DeepLinkOption.swift */; };
		F84B62A3B62EC0DB3B3398B3 /* ProjectsListModuleConfigurator.swift in Sources */ = {isa = PBXBuildFile; fileRef = C7AA3299810FC6CB04A09AB4 /* ProjectsListModuleConfigurator.swift */; };
		F9768DB4D38E3080171DE110 /* UIApplication.swift in Sources */ = {isa = PBXBuildFile; fileRef = BB7EC20117E735D0AC88EED8 /* UIApplication.swift */; };
		FB3D50E55F06DB2CE3D92EFC /* AuthModuleConfiguratorTests.swift in Sources */ = {isa = PBXBuildFile; fileRef = 9C4D0540C270531FA5171222 /* AuthModuleConfiguratorTests.swift */; };
/* End PBXBuildFile section */

/* Begin PBXContainerItemProxy section */
		54A56F2077FDA7C512998960 /* PBXContainerItemProxy */ = {
			isa = PBXContainerItemProxy;
			containerPortal = D73DE2FD070FF577D637D2EC /* Project object */;
			proxyType = 1;
			remoteGlobalIDString = 5376CAAFD038A39CCE99279C;
			remoteInfo = JiraTimeTrackerRelease;
		};
/* End PBXContainerItemProxy section */

/* Begin PBXFileReference section */
		12790D0601FE667A7FABFCB1 /* AuthViewInput.swift */ = {isa = PBXFileReference; includeInIndex = 1; lastKnownFileType = sourcecode.swift; path = AuthViewInput.swift; sourceTree = "<group>"; };
		19F0FD5E0A825381BD47D5D4 /* Info.plist */ = {isa = PBXFileReference; lastKnownFileType = text.plist; path = Info.plist; sourceTree = "<group>"; };
		1EF7A9C8EF1CEF2039FB1E75 /* ProjectsViewController.swift */ = {isa = PBXFileReference; includeInIndex = 1; lastKnownFileType = sourcecode.swift; path = ProjectsViewController.swift; sourceTree = "<group>"; };
		25553E43C92A661B7171A3AA /* AuthViewTests.swift */ = {isa = PBXFileReference; includeInIndex = 1; lastKnownFileType = sourcecode.swift; path = AuthViewTests.swift; sourceTree = "<group>"; };
		25558A03949F5BDE48CC70E3 /* Pods_JiraTimeTrackerRelease.framework */ = {isa = PBXFileReference; explicitFileType = wrapper.framework; includeInIndex = 0; path = Pods_JiraTimeTrackerRelease.framework; sourceTree = BUILT_PRODUCTS_DIR; };
		2771DBDC76DD3FA27DD2A0C0 /* AuthPresenter.swift */ = {isa = PBXFileReference; includeInIndex = 1; lastKnownFileType = sourcecode.swift; path = AuthPresenter.swift; sourceTree = "<group>"; };
		28D2107B98758926EB8F14EF /* TabBarViewTests.swift */ = {isa = PBXFileReference; includeInIndex = 1; lastKnownFileType = sourcecode.swift; path = TabBarViewTests.swift; sourceTree = "<group>"; };
		2AAECCAAF2BDD0DE7BBCAD4B /* UnitTests.xctest */ = {isa = PBXFileReference; includeInIndex = 0; lastKnownFileType = wrapper.cfbundle; path = UnitTests.xctest; sourceTree = BUILT_PRODUCTS_DIR; };
		2B59532787CCC0EBAE8FEF9B /* ProjectsListViewInput.swift */ = {isa = PBXFileReference; includeInIndex = 1; lastKnownFileType = sourcecode.swift; path = ProjectsListViewInput.swift; sourceTree = "<group>"; };
		2BBC650093949B78908C4C32 /* Assets.xcassets */ = {isa = PBXFileReference; lastKnownFileType = folder.assetcatalog; path = Assets.xcassets; sourceTree = "<group>"; };
		2E0A6E69B7DF7A56C6FA3563 /* Coordinator.swift */ = {isa = PBXFileReference; lastKnownFileType = sourcecode.swift; path = Coordinator.swift; sourceTree = "<group>"; };
		30B5D85B1DA1356CF11AB1CB /* LaunchScreen.xib */ = {isa = PBXFileReference; lastKnownFileType = file.xib; path = LaunchScreen.xib; sourceTree = "<group>"; };
		30F694CB6F23BE2D8AED6792 /* AuthPresenterTests.swift */ = {isa = PBXFileReference; includeInIndex = 1; lastKnownFileType = sourcecode.swift; path = AuthPresenterTests.swift; sourceTree = "<group>"; };
		313E1ABC7AE335F7A0A15BA2 /* AuthViewController.swift */ = {isa = PBXFileReference; includeInIndex = 1; lastKnownFileType = sourcecode.swift; path = AuthViewController.swift; sourceTree = "<group>"; };
		31CEF3AF71DC469C638C07FE /* ProjectsListModuleInput.swift */ = {isa = PBXFileReference; includeInIndex = 1; lastKnownFileType = sourcecode.swift; path = ProjectsListModuleInput.swift; sourceTree = "<group>"; };
		33BF864C137D0273F3023E6A /* .gitkeep */ = {isa = PBXFileReference; lastKnownFileType = text; path = .gitkeep; sourceTree = "<group>"; };
		39AAB4D713DE5D1313A7A9A0 /* ProjectsListPresenter.swift */ = {isa = PBXFileReference; includeInIndex = 1; lastKnownFileType = sourcecode.swift; path = ProjectsListPresenter.swift; sourceTree = "<group>"; };
		417E415457A20FC10E766116 /* LaunchingApplicationService.swift */ = {isa = PBXFileReference; lastKnownFileType = sourcecode.swift; path = LaunchingApplicationService.swift; sourceTree = "<group>"; };
		41E453D5A98C933FA7DD5865 /* TabBarPresenter.swift */ = {isa = PBXFileReference; includeInIndex = 1; lastKnownFileType = sourcecode.swift; path = TabBarPresenter.swift; sourceTree = "<group>"; };
		49A8794FCBB25BE9281D467D /* TabBarViewInput.swift */ = {isa = PBXFileReference; includeInIndex = 1; lastKnownFileType = sourcecode.swift; path = TabBarViewInput.swift; sourceTree = "<group>"; };
		4B580826A2B4958C924F333B /* TabBarViewController.swift */ = {isa = PBXFileReference; includeInIndex = 1; lastKnownFileType = sourcecode.swift; path = TabBarViewController.swift; sourceTree = "<group>"; };
		574D83EEE359DB5EEE76EC99 /* TabBarModuleOutput.swift */ = {isa = PBXFileReference; includeInIndex = 1; lastKnownFileType = sourcecode.swift; path = TabBarModuleOutput.swift; sourceTree = "<group>"; };
		5A407C0CC1F8C081293BCD36 /* AuthModuleInput.swift */ = {isa = PBXFileReference; includeInIndex = 1; lastKnownFileType = sourcecode.swift; path = AuthModuleInput.swift; sourceTree = "<group>"; };
		5A9678E574F01E8F5764781C /* Assets.swift */ = {isa = PBXFileReference; lastKnownFileType = sourcecode.swift; path = Assets.swift; sourceTree = "<group>"; };
		5CED3D5F8F1D9E1F14B23F01 /* AppDelegate.swift */ = {isa = PBXFileReference; lastKnownFileType = sourcecode.swift; path = AppDelegate.swift; sourceTree = "<group>"; };
		60E0253C41CB556A2C2983D2 /* AuthModuleConfigurator.swift */ = {isa = PBXFileReference; includeInIndex = 1; lastKnownFileType = sourcecode.swift; path = AuthModuleConfigurator.swift; sourceTree = "<group>"; };
		61475E25C7CA2A21965ED0C8 /* Pods-JiraTimeTrackerDebug.release.xcconfig */ = {isa = PBXFileReference; includeInIndex = 1; lastKnownFileType = text.xcconfig; name = "Pods-JiraTimeTrackerDebug.release.xcconfig"; path = "Target Support Files/Pods-JiraTimeTrackerDebug/Pods-JiraTimeTrackerDebug.release.xcconfig"; sourceTree = "<group>"; };
		62B591DEFD2BC486CE0F9DE4 /* Strings.swift */ = {isa = PBXFileReference; lastKnownFileType = sourcecode.swift; path = Strings.swift; sourceTree = "<group>"; };
		6404680037EC54118BCC8B45 /* Pods-JiraTimeTrackerDebug.debug.xcconfig */ = {isa = PBXFileReference; includeInIndex = 1; lastKnownFileType = text.xcconfig; name = "Pods-JiraTimeTrackerDebug.debug.xcconfig"; path = "Target Support Files/Pods-JiraTimeTrackerDebug/Pods-JiraTimeTrackerDebug.debug.xcconfig"; sourceTree = "<group>"; };
		659B514CA0DF6EB2DE11D951 /* TabBarViewOutput.swift */ = {isa = PBXFileReference; includeInIndex = 1; lastKnownFileType = sourcecode.swift; path = TabBarViewOutput.swift; sourceTree = "<group>"; };
		6DEAA5B4D3EE9DD7CA56DC9C /* TabBarViewController.storyboard */ = {isa = PBXFileReference; includeInIndex = 1; lastKnownFileType = file.storyboard; path = TabBarViewController.storyboard; sourceTree = "<group>"; };
		749B04D6B6173ABC541CFE5D /* JTrack.app */ = {isa = PBXFileReference; explicitFileType = wrapper.application; includeInIndex = 0; path = JTrack.app; sourceTree = BUILT_PRODUCTS_DIR; };
		7C1B8D0B88AD7B67DBF88D33 /* MainRouter.swift */ = {isa = PBXFileReference; lastKnownFileType = sourcecode.swift; path = MainRouter.swift; sourceTree = "<group>"; };
		7E5AD123B11DD9F5DA2DFBFC /* Pods-JiraTimeTrackerRelease.release.xcconfig */ = {isa = PBXFileReference; includeInIndex = 1; lastKnownFileType = text.xcconfig; name = "Pods-JiraTimeTrackerRelease.release.xcconfig"; path = "Target Support Files/Pods-JiraTimeTrackerRelease/Pods-JiraTimeTrackerRelease.release.xcconfig"; sourceTree = "<group>"; };
		8329354A7F4B904AB1016B8E /* ProjectsModuleConfiguratorTests.swift */ = {isa = PBXFileReference; includeInIndex = 1; lastKnownFileType = sourcecode.swift; path = ProjectsModuleConfiguratorTests.swift; sourceTree = "<group>"; };
		83AB779C852A547F2B301693 /* TabBarModuleConfigurator.swift */ = {isa = PBXFileReference; includeInIndex = 1; lastKnownFileType = sourcecode.swift; path = TabBarModuleConfigurator.swift; sourceTree = "<group>"; };
		8569D1711B1EB888AFB428CA /* .gitkeep */ = {isa = PBXFileReference; lastKnownFileType = text; path = .gitkeep; sourceTree = "<group>"; };
		85723309D0418EA0D06ACDED /* ProjectsPresenterTests.swift */ = {isa = PBXFileReference; includeInIndex = 1; lastKnownFileType = sourcecode.swift; path = ProjectsPresenterTests.swift; sourceTree = "<group>"; };
		879B9AF1B62888A2F399B874 /* Info.plist */ = {isa = PBXFileReference; lastKnownFileType = text.plist; path = Info.plist; sourceTree = "<group>"; };
		94EC6757DCB2C6E00A6C38E9 /* JiraTimeTrackerRelease.app */ = {isa = PBXFileReference; explicitFileType = wrapper.application; includeInIndex = 0; path = JiraTimeTrackerRelease.app; sourceTree = BUILT_PRODUCTS_DIR; };
		99295062C664191DF43C1E40 /* Router.swift */ = {isa = PBXFileReference; lastKnownFileType = sourcecode.swift; path = Router.swift; sourceTree = "<group>"; };
		9C4D0540C270531FA5171222 /* AuthModuleConfiguratorTests.swift */ = {isa = PBXFileReference; includeInIndex = 1; lastKnownFileType = sourcecode.swift; path = AuthModuleConfiguratorTests.swift; sourceTree = "<group>"; };
		9E17E2CD57748AA6A81D76B6 /* ProjectsViewOutput.swift */ = {isa = PBXFileReference; includeInIndex = 1; lastKnownFileType = sourcecode.swift; path = ProjectsViewOutput.swift; sourceTree = "<group>"; };
		A8B48E58F085D53824DCC8CF /* ProjectsViewTests.swift */ = {isa = PBXFileReference; includeInIndex = 1; lastKnownFileType = sourcecode.swift; path = ProjectsViewTests.swift; sourceTree = "<group>"; };
		A8BB281A5F272569B427E548 /* Pods-JiraTimeTrackerRelease.debug.xcconfig */ = {isa = PBXFileReference; includeInIndex = 1; lastKnownFileType = text.xcconfig; name = "Pods-JiraTimeTrackerRelease.debug.xcconfig"; path = "Target Support Files/Pods-JiraTimeTrackerRelease/Pods-JiraTimeTrackerRelease.debug.xcconfig"; sourceTree = "<group>"; };
		AA042CC345BA644509A811C9 /* AuthModuleOutput.swift */ = {isa = PBXFileReference; includeInIndex = 1; lastKnownFileType = sourcecode.swift; path = AuthModuleOutput.swift; sourceTree = "<group>"; };
		B57AFA752F885C9290E8B938 /* BaseCoordinator.swift */ = {isa = PBXFileReference; lastKnownFileType = sourcecode.swift; path = BaseCoordinator.swift; sourceTree = "<group>"; };
		B7FE3D7159868F53F6F8677A /* TabBarPresenterTests.swift */ = {isa = PBXFileReference; includeInIndex = 1; lastKnownFileType = sourcecode.swift; path = TabBarPresenterTests.swift; sourceTree = "<group>"; };
		B90C0E9A245B4B1B0021D4DE /* CGFloat.swift */ = {isa = PBXFileReference; lastKnownFileType = sourcecode.swift; path = CGFloat.swift; sourceTree = "<group>"; };
		B924ACA5EC806E63E6A2733C /* ProjectsListModuleOutput.swift */ = {isa = PBXFileReference; includeInIndex = 1; lastKnownFileType = sourcecode.swift; path = ProjectsListModuleOutput.swift; sourceTree = "<group>"; };
		B957D527245D9D850059C989 /* ProjectCategoryEntry.swift */ = {isa = PBXFileReference; lastKnownFileType = sourcecode.swift; path = ProjectCategoryEntry.swift; sourceTree = "<group>"; };
		B957D529245D9DEB0059C989 /* ProjectCategoryEntity.swift */ = {isa = PBXFileReference; lastKnownFileType = sourcecode.swift; path = ProjectCategoryEntity.swift; sourceTree = "<group>"; };
		B9709E75245CE1E000BE7974 /* ProjectsCoordinator.swift */ = {isa = PBXFileReference; lastKnownFileType = sourcecode.swift; path = ProjectsCoordinator.swift; sourceTree = "<group>"; };
		B9709E78245D5EAF00BE7974 /* ShortProjectCell.swift */ = {isa = PBXFileReference; lastKnownFileType = sourcecode.swift; path = ShortProjectCell.swift; sourceTree = "<group>"; };
		B9709E7B245D601100BE7974 /* UIStyle+UILabels.swift */ = {isa = PBXFileReference; lastKnownFileType = sourcecode.swift; path = "UIStyle+UILabels.swift"; sourceTree = "<group>"; };
		B9709E7D245D606500BE7974 /* CommonLabel.swift */ = {isa = PBXFileReference; lastKnownFileType = sourcecode.swift; path = CommonLabel.swift; sourceTree = "<group>"; };
		B9709E80245D647000BE7974 /* UIImageView+Nuke.swift */ = {isa = PBXFileReference; lastKnownFileType = sourcecode.swift; path = "UIImageView+Nuke.swift"; sourceTree = "<group>"; };
		B9709E82245D68B200BE7974 /* UserEntity.swift */ = {isa = PBXFileReference; lastKnownFileType = sourcecode.swift; path = UserEntity.swift; sourceTree = "<group>"; };
		B9709E84245D68BA00BE7974 /* UserEntry.swift */ = {isa = PBXFileReference; lastKnownFileType = sourcecode.swift; path = UserEntry.swift; sourceTree = "<group>"; };
		B974A5DB245D72B2003E6AEC /* NonNibCellGenrator.swift */ = {isa = PBXFileReference; lastKnownFileType = sourcecode.swift; path = NonNibCellGenrator.swift; sourceTree = "<group>"; };
		B980745B245B5C3A006DCC69 /* UIStyle+Controls.swift */ = {isa = PBXFileReference; lastKnownFileType = sourcecode.swift; path = "UIStyle+Controls.swift"; sourceTree = "<group>"; };
		B980745D245B5CFA006DCC69 /* CommonUIButtonStyle.swift */ = {isa = PBXFileReference; lastKnownFileType = sourcecode.swift; path = CommonUIButtonStyle.swift; sourceTree = "<group>"; };
		B9807460245B5F59006DCC69 /* CommonUnderlineTextFieldStyle.swift */ = {isa = PBXFileReference; lastKnownFileType = sourcecode.swift; path = CommonUnderlineTextFieldStyle.swift; sourceTree = "<group>"; };
		B9807462245B61A1006DCC69 /* UIStyle+TextFields.swift */ = {isa = PBXFileReference; lastKnownFileType = sourcecode.swift; path = "UIStyle+TextFields.swift"; sourceTree = "<group>"; };
		B9807464245B723A006DCC69 /* UIStyle+Buttons.swift */ = {isa = PBXFileReference; lastKnownFileType = sourcecode.swift; path = "UIStyle+Buttons.swift"; sourceTree = "<group>"; };
		B9807466245B735F006DCC69 /* Colors.swift */ = {isa = PBXFileReference; lastKnownFileType = sourcecode.swift; path = Colors.swift; sourceTree = "<group>"; };
		B9807468245B7D8D006DCC69 /* CommonTextFieldStyle.swift */ = {isa = PBXFileReference; lastKnownFileType = sourcecode.swift; path = CommonTextFieldStyle.swift; sourceTree = "<group>"; };
		B9CAB5BE245B824B008C83C1 /* en */ = {isa = PBXFileReference; lastKnownFileType = text.plist.strings; name = en; path = en.lproj/Localizable.strings; sourceTree = "<group>"; };
		B9CAB5C0245B829A008C83C1 /* ru */ = {isa = PBXFileReference; lastKnownFileType = text.plist.strings; name = ru; path = ru.lproj/Localizable.strings; sourceTree = "<group>"; };
		B9CAB5C1245C5E30008C83C1 /* MessageBannerDisplaybale.swift */ = {isa = PBXFileReference; lastKnownFileType = sourcecode.swift; path = MessageBannerDisplaybale.swift; sourceTree = "<group>"; };
		B9CAB5C4245C602A008C83C1 /* MessageBannerView.swift */ = {isa = PBXFileReference; lastKnownFileType = sourcecode.swift; path = MessageBannerView.swift; sourceTree = "<group>"; };
		B9CAB5C6245C6840008C83C1 /* Appearence.swift */ = {isa = PBXFileReference; lastKnownFileType = sourcecode.swift; path = Appearence.swift; sourceTree = "<group>"; };
		B9FC6C7A245CA07800F51B7A /* JiraProjectService.swift */ = {isa = PBXFileReference; lastKnownFileType = sourcecode.swift; path = JiraProjectService.swift; sourceTree = "<group>"; };
		B9FC6C7C245CA3F500F51B7A /* ShortProjectEntry.swift */ = {isa = PBXFileReference; lastKnownFileType = sourcecode.swift; path = ShortProjectEntry.swift; sourceTree = "<group>"; };
		B9FC6C7E245CA42F00F51B7A /* AvatarUrlEntry.swift */ = {isa = PBXFileReference; lastKnownFileType = sourcecode.swift; path = AvatarUrlEntry.swift; sourceTree = "<group>"; };
		B9FC6C80245CA5C800F51B7A /* AvatarUrlEntity.swift */ = {isa = PBXFileReference; lastKnownFileType = sourcecode.swift; path = AvatarUrlEntity.swift; sourceTree = "<group>"; };
		B9FC6C82245CA64A00F51B7A /* ShortProjectEntity.swift */ = {isa = PBXFileReference; lastKnownFileType = sourcecode.swift; path = ShortProjectEntity.swift; sourceTree = "<group>"; };
		B9FC6C86245CA71F00F51B7A /* JiraProjectsRoutes.swift */ = {isa = PBXFileReference; lastKnownFileType = sourcecode.swift; path = JiraProjectsRoutes.swift; sourceTree = "<group>"; };
		B9FC6C88245CA77D00F51B7A /* ApiConstants.swift */ = {isa = PBXFileReference; lastKnownFileType = sourcecode.swift; path = ApiConstants.swift; sourceTree = "<group>"; };
		B9FC6C8A245CA99B00F51B7A /* JiraProjectsNetworkService.swift */ = {isa = PBXFileReference; lastKnownFileType = sourcecode.swift; path = JiraProjectsNetworkService.swift; sourceTree = "<group>"; };
		B9FC6C8D245CAAD200F51B7A /* JiraAuthService.swift */ = {isa = PBXFileReference; lastKnownFileType = sourcecode.swift; path = JiraAuthService.swift; sourceTree = "<group>"; };
		B9FC6C8F245CAB1B00F51B7A /* JiraAuthByProjectsService.swift */ = {isa = PBXFileReference; lastKnownFileType = sourcecode.swift; path = JiraAuthByProjectsService.swift; sourceTree = "<group>"; };
		B9FC6C92245CB15900F51B7A /* Closures.swift */ = {isa = PBXFileReference; lastKnownFileType = sourcecode.swift; path = Closures.swift; sourceTree = "<group>"; };
		B9FC6C94245CC17700F51B7A /* ApplicationCoordinator.swift */ = {isa = PBXFileReference; lastKnownFileType = sourcecode.swift; path = ApplicationCoordinator.swift; sourceTree = "<group>"; };
		B9FC6C96245CC1C300F51B7A /* AuthCoordinator.swift */ = {isa = PBXFileReference; lastKnownFileType = sourcecode.swift; path = AuthCoordinator.swift; sourceTree = "<group>"; };
		B9FC6C98245CD28800F51B7A /* Tabs.swift */ = {isa = PBXFileReference; lastKnownFileType = sourcecode.swift; path = Tabs.swift; sourceTree = "<group>"; };
		B9FC6C9A245CD49300F51B7A /* AuhthorizedChain.swift */ = {isa = PBXFileReference; lastKnownFileType = sourcecode.swift; path = AuhthorizedChain.swift; sourceTree = "<group>"; };
		B9FC6C9D245CD53700F51B7A /* TokenMetaDataProvider.swift */ = {isa = PBXFileReference; lastKnownFileType = sourcecode.swift; path = TokenMetaDataProvider.swift; sourceTree = "<group>"; };
		B9FC6C9F245CDC3400F51B7A /* AuthorizedCoordinator.swift */ = {isa = PBXFileReference; lastKnownFileType = sourcecode.swift; path = AuthorizedCoordinator.swift; sourceTree = "<group>"; };
		BA78287699EAF184E2959014 /* AuthViewOutput.swift */ = {isa = PBXFileReference; includeInIndex = 1; lastKnownFileType = sourcecode.swift; path = AuthViewOutput.swift; sourceTree = "<group>"; };
		BB7EC20117E735D0AC88EED8 /* UIApplication.swift */ = {isa = PBXFileReference; lastKnownFileType = sourcecode.swift; path = UIApplication.swift; sourceTree = "<group>"; };
		C7AA3299810FC6CB04A09AB4 /* ProjectsListModuleConfigurator.swift */ = {isa = PBXFileReference; includeInIndex = 1; lastKnownFileType = sourcecode.swift; path = ProjectsListModuleConfigurator.swift; sourceTree = "<group>"; };
		C96792E20060DC4A9FC90167 /* .gitkeep */ = {isa = PBXFileReference; lastKnownFileType = text; path = .gitkeep; sourceTree = "<group>"; };
		D815A232D2BFA40E7D7C1E5F /* TabBarModuleConfiguratorTests.swift */ = {isa = PBXFileReference; includeInIndex = 1; lastKnownFileType = sourcecode.swift; path = TabBarModuleConfiguratorTests.swift; sourceTree = "<group>"; };
		D843C184F02AFAC7C04A1D95 /* ProjectsListViewController.storyboard */ = {isa = PBXFileReference; includeInIndex = 1; lastKnownFileType = file.storyboard; path = ProjectsListViewController.storyboard; sourceTree = "<group>"; };
		DD27A0122AB445301371CFBD /* AuthViewController.storyboard */ = {isa = PBXFileReference; includeInIndex = 1; lastKnownFileType = file.storyboard; path = AuthViewController.storyboard; sourceTree = "<group>"; };
		DFECE88BAA140E3A1E59E8CB /* DeepLinkOption.swift */ = {isa = PBXFileReference; lastKnownFileType = sourcecode.swift; path = DeepLinkOption.swift; sourceTree = "<group>"; };
		EBBF0986E2B2D2C74FB9BF31 /* TabBarModuleInput.swift */ = {isa = PBXFileReference; includeInIndex = 1; lastKnownFileType = sourcecode.swift; path = TabBarModuleInput.swift; sourceTree = "<group>"; };
		F1347BE5081C315756CD443A /* Presentable.swift */ = {isa = PBXFileReference; lastKnownFileType = sourcecode.swift; path = Presentable.swift; sourceTree = "<group>"; };
		F1C8527BE873990D30354835 /* Info.plist */ = {isa = PBXFileReference; lastKnownFileType = text.plist; path = Info.plist; sourceTree = "<group>"; };
		F992C76FFF3F400F6A3D43D6 /* Pods_JiraTimeTrackerDebug.framework */ = {isa = PBXFileReference; explicitFileType = wrapper.framework; includeInIndex = 0; path = Pods_JiraTimeTrackerDebug.framework; sourceTree = BUILT_PRODUCTS_DIR; };
		FE2058748DD954BC862A932D /* XCTestCase.swift */ = {isa = PBXFileReference; lastKnownFileType = sourcecode.swift; path = XCTestCase.swift; sourceTree = "<group>"; };
/* End PBXFileReference section */

/* Begin PBXFrameworksBuildPhase section */
		0845E78D18D979148EFA88A8 /* Frameworks */ = {
			isa = PBXFrameworksBuildPhase;
			buildActionMask = 2147483647;
			files = (
				3521C726307161A409C9647C /* Pods_JiraTimeTrackerDebug.framework in Frameworks */,
			);
			runOnlyForDeploymentPostprocessing = 0;
		};
		549579C315C6B706336E107E /* Frameworks */ = {
			isa = PBXFrameworksBuildPhase;
			buildActionMask = 2147483647;
			files = (
			);
			runOnlyForDeploymentPostprocessing = 0;
		};
		CFB91A69DD6A8FC86793A917 /* Frameworks */ = {
			isa = PBXFrameworksBuildPhase;
			buildActionMask = 2147483647;
			files = (
				630E231C569B7BD3DA8734D1 /* Pods_JiraTimeTrackerRelease.framework in Frameworks */,
			);
			runOnlyForDeploymentPostprocessing = 0;
		};
/* End PBXFrameworksBuildPhase section */

/* Begin PBXGroup section */
		01763EFF0815645A0C6E96B1 /* View */ = {
			isa = PBXGroup;
			children = (
				28D2107B98758926EB8F14EF /* TabBarViewTests.swift */,
			);
			path = View;
			sourceTree = "<group>";
		};
		02C9CDB2EA11C3D7736A980D /* Pods */ = {
			isa = PBXGroup;
			children = (
				6404680037EC54118BCC8B45 /* Pods-JiraTimeTrackerDebug.debug.xcconfig */,
				61475E25C7CA2A21965ED0C8 /* Pods-JiraTimeTrackerDebug.release.xcconfig */,
				A8BB281A5F272569B427E548 /* Pods-JiraTimeTrackerRelease.debug.xcconfig */,
				7E5AD123B11DD9F5DA2DFBFC /* Pods-JiraTimeTrackerRelease.release.xcconfig */,
			);
			path = Pods;
			sourceTree = "<group>";
		};
		08EA9C11E4D4A39387E09D10 /* Flows */ = {
			isa = PBXGroup;
			children = (
				49840BD31C09EEEA2D422426 /* Auth */,
				8DBB81F866C38B8B7C76EDE7 /* Authorized */,
			);
			path = Flows;
			sourceTree = "<group>";
		};
		0BBE2E182D004FC1B2BCBA96 /* View */ = {
			isa = PBXGroup;
			children = (
				313E1ABC7AE335F7A0A15BA2 /* AuthViewController.swift */,
				DD27A0122AB445301371CFBD /* AuthViewController.storyboard */,
				12790D0601FE667A7FABFCB1 /* AuthViewInput.swift */,
				BA78287699EAF184E2959014 /* AuthViewOutput.swift */,
			);
			path = View;
			sourceTree = "<group>";
		};
		175C8517F8BE5FC90D03C5A6 /* Base Classes */ = {
			isa = PBXGroup;
			children = (
				B57AFA752F885C9290E8B938 /* BaseCoordinator.swift */,
			);
			path = "Base Classes";
			sourceTree = "<group>";
		};
		2383A61009B41FE8DB7438BE /* Products */ = {
			isa = PBXGroup;
			children = (
				749B04D6B6173ABC541CFE5D /* JTrack.app */,
				94EC6757DCB2C6E00A6C38E9 /* JiraTimeTrackerRelease.app */,
				2AAECCAAF2BDD0DE7BBCAD4B /* UnitTests.xctest */,
			);
			name = Products;
			sourceTree = "<group>";
		};
		2CC6807FBEAF92ECD55A568D /* UnitTests */ = {
			isa = PBXGroup;
			children = (
				879B9AF1B62888A2F399B874 /* Info.plist */,
				FE2058748DD954BC862A932D /* XCTestCase.swift */,
				EE9B867F58A26B3E7F1C0D30 /* Resources */,
				FF08D37DD2F08F9BFF43049B /* Tests */,
				08EA9C11E4D4A39387E09D10 /* Flows */,
			);
			path = UnitTests;
			sourceTree = "<group>";
		};
		3176AD726F909CCA0EF9E0D2 /* Frameworks */ = {
			isa = PBXGroup;
			children = (
				F992C76FFF3F400F6A3D43D6 /* Pods_JiraTimeTrackerDebug.framework */,
				25558A03949F5BDE48CC70E3 /* Pods_JiraTimeTrackerRelease.framework */,
			);
			name = Frameworks;
			sourceTree = "<group>";
		};
		3B380778817F85D66CE761F7 /* Services */ = {
			isa = PBXGroup;
			children = (
				417E415457A20FC10E766116 /* LaunchingApplicationService.swift */,
			);
			path = Services;
			sourceTree = "<group>";
		};
		3BD4BB0EA3FAC7AB67F1B235 /* Debug */ = {
			isa = PBXGroup;
			children = (
				19F0FD5E0A825381BD47D5D4 /* Info.plist */,
			);
			path = Debug;
			sourceTree = "<group>";
		};
		3DAB362BFA79F521CA8571BD /* Presenter */ = {
			isa = PBXGroup;
			children = (
				39AAB4D713DE5D1313A7A9A0 /* ProjectsListPresenter.swift */,
				31CEF3AF71DC469C638C07FE /* ProjectsListModuleInput.swift */,
				B924ACA5EC806E63E6A2733C /* ProjectsListModuleOutput.swift */,
			);
			path = Presenter;
			sourceTree = "<group>";
		};
		3F809A0A35DACCAE8483B0F1 /* TabBar */ = {
			isa = PBXGroup;
			children = (
				56D7D9B15637A6EB2E29C1E1 /* Configurator */,
				7894F2B1EA166DBAB26D922B /* Presenter */,
				CC8A2B4740F6A52A675CB526 /* View */,
				B9FC6C98245CD28800F51B7A /* Tabs.swift */,
			);
			path = TabBar;
			sourceTree = "<group>";
		};
		412249B34E099437E895562B /* JiraTimeTracker */ = {
			isa = PBXGroup;
			children = (
				F758E502A9EF564A133DBAE3 /* Application */,
				CEC1A7F86DDF2105FA51C3EC /* Flows */,
				536EEC0D237956EBA44DE2AA /* Library */,
				BBB84DD51FCA47EA86AB9672 /* Models */,
				EF90976D6C249A8BB934D237 /* Resources */,
				5CFE390098521295299A66E6 /* Services */,
				AE0B5FFABB2B9268F754DB6B /* Third Party */,
			);
			path = JiraTimeTracker;
			sourceTree = "<group>";
		};
		44FB8E0E9F57B297962DB2BE /* Presenter */ = {
			isa = PBXGroup;
			children = (
				85723309D0418EA0D06ACDED /* ProjectsPresenterTests.swift */,
			);
			path = Presenter;
			sourceTree = "<group>";
		};
		49840BD31C09EEEA2D422426 /* Auth */ = {
			isa = PBXGroup;
			children = (
				81C871C5D73FA7AB2CE1D408 /* Auth */,
			);
			path = Auth;
			sourceTree = "<group>";
		};
		4A5703D9C06C571F2F2DEF0A /* View */ = {
			isa = PBXGroup;
			children = (
				A8B48E58F085D53824DCC8CF /* ProjectsViewTests.swift */,
			);
			path = View;
			sourceTree = "<group>";
		};
		4BE54D67FFE98A4012BA2189 /* Release */ = {
			isa = PBXGroup;
			children = (
				F1C8527BE873990D30354835 /* Info.plist */,
			);
			path = Release;
			sourceTree = "<group>";
		};
		4BFAD4EBD6AFECF1A275AC7A /* Routers */ = {
			isa = PBXGroup;
			children = (
				7C1B8D0B88AD7B67DBF88D33 /* MainRouter.swift */,
			);
			path = Routers;
			sourceTree = "<group>";
		};
		4D3E65B5ABB7D6AF81E61189 /* Projects */ = {
			isa = PBXGroup;
			children = (
				B9709E74245CE1C000BE7974 /* List */,
				B9709E75245CE1E000BE7974 /* ProjectsCoordinator.swift */,
			);
			path = Projects;
			sourceTree = "<group>";
		};
		536EEC0D237956EBA44DE2AA /* Library */ = {
			isa = PBXGroup;
			children = (
				B9807459245B5BD8006DCC69 /* Styles */,
				175C8517F8BE5FC90D03C5A6 /* Base Classes */,
				AA0E2F3445AE3021BE151A82 /* Extensions */,
				DDAB7801824B5F9A96D1DA16 /* Protocols */,
				8702ECA6F3EDA661BFB49B3A /* Reusable Layer */,
				4BFAD4EBD6AFECF1A275AC7A /* Routers */,
				8BB0A8E07BFFB155995AD53F /* Utils */,
			);
			path = Library;
			sourceTree = "<group>";
		};
		56D7D9B15637A6EB2E29C1E1 /* Configurator */ = {
			isa = PBXGroup;
			children = (
				83AB779C852A547F2B301693 /* TabBarModuleConfigurator.swift */,
			);
			path = Configurator;
			sourceTree = "<group>";
		};
		59B9719765479E44E65C7931 /* Configurator */ = {
			isa = PBXGroup;
			children = (
				D815A232D2BFA40E7D7C1E5F /* TabBarModuleConfiguratorTests.swift */,
			);
			path = Configurator;
			sourceTree = "<group>";
		};
		5A18D4756CB7B21030D4E90E /* Entity */ = {
			isa = PBXGroup;
			children = (
				B9FC6C80245CA5C800F51B7A /* AvatarUrlEntity.swift */,
				B9FC6C82245CA64A00F51B7A /* ShortProjectEntity.swift */,
				B9709E82245D68B200BE7974 /* UserEntity.swift */,
				B957D529245D9DEB0059C989 /* ProjectCategoryEntity.swift */,
			);
			path = Entity;
			sourceTree = "<group>";
		};
		5C5AD519BC5769797895FEBE /* Configurator */ = {
			isa = PBXGroup;
			children = (
				9C4D0540C270531FA5171222 /* AuthModuleConfiguratorTests.swift */,
			);
			path = Configurator;
			sourceTree = "<group>";
		};
		5CFE390098521295299A66E6 /* Services */ = {
			isa = PBXGroup;
			children = (
				B9FC6C79245CA06500F51B7A /* API */,
			);
			path = Services;
			sourceTree = "<group>";
		};
		7894F2B1EA166DBAB26D922B /* Presenter */ = {
			isa = PBXGroup;
			children = (
				41E453D5A98C933FA7DD5865 /* TabBarPresenter.swift */,
				EBBF0986E2B2D2C74FB9BF31 /* TabBarModuleInput.swift */,
				574D83EEE359DB5EEE76EC99 /* TabBarModuleOutput.swift */,
			);
			path = Presenter;
			sourceTree = "<group>";
		};
		7B544AE5BFC941B3998A47BA /* Authorized */ = {
			isa = PBXGroup;
			children = (
				B9FC6C9F245CDC3400F51B7A /* AuthorizedCoordinator.swift */,
				3F809A0A35DACCAE8483B0F1 /* TabBar */,
				4D3E65B5ABB7D6AF81E61189 /* Projects */,
			);
			path = Authorized;
			sourceTree = "<group>";
		};
		7DC3830470428DC066C8E8A1 /* Configurator */ = {
			isa = PBXGroup;
			children = (
				C7AA3299810FC6CB04A09AB4 /* ProjectsListModuleConfigurator.swift */,
			);
			path = Configurator;
			sourceTree = "<group>";
		};
		81C871C5D73FA7AB2CE1D408 /* Auth */ = {
			isa = PBXGroup;
			children = (
				5C5AD519BC5769797895FEBE /* Configurator */,
				8EA8852B41404B30803F1572 /* Presenter */,
				F792160874AE743A30ABEC62 /* View */,
			);
			path = Auth;
			sourceTree = "<group>";
		};
		821366E85E86E11D38529504 /* Presenter */ = {
			isa = PBXGroup;
			children = (
				B7FE3D7159868F53F6F8677A /* TabBarPresenterTests.swift */,
			);
			path = Presenter;
			sourceTree = "<group>";
		};
		8702ECA6F3EDA661BFB49B3A /* Reusable Layer */ = {
			isa = PBXGroup;
			children = (
				B9CAB5C3245C6019008C83C1 /* MessageBanner */,
				B9FC6C92245CB15900F51B7A /* Closures.swift */,
			);
			path = "Reusable Layer";
			sourceTree = "<group>";
		};
		8BB0A8E07BFFB155995AD53F /* Utils */ = {
			isa = PBXGroup;
			children = (
				C96792E20060DC4A9FC90167 /* .gitkeep */,
			);
			path = Utils;
			sourceTree = "<group>";
		};
		8DBB81F866C38B8B7C76EDE7 /* Authorized */ = {
			isa = PBXGroup;
			children = (
				FA508B6A4F4A86D579134E22 /* TabBar */,
				D4198D3B121A2031A853C90F /* Projects */,
			);
			path = Authorized;
			sourceTree = "<group>";
		};
		8EA8852B41404B30803F1572 /* Presenter */ = {
			isa = PBXGroup;
			children = (
				30F694CB6F23BE2D8AED6792 /* AuthPresenterTests.swift */,
			);
			path = Presenter;
			sourceTree = "<group>";
		};
		9772769E3CB9345B60B1C9A8 /* Entry */ = {
			isa = PBXGroup;
			children = (
				B9FC6C7C245CA3F500F51B7A /* ShortProjectEntry.swift */,
				B9FC6C7E245CA42F00F51B7A /* AvatarUrlEntry.swift */,
				B9709E84245D68BA00BE7974 /* UserEntry.swift */,
				B957D527245D9D850059C989 /* ProjectCategoryEntry.swift */,
			);
			path = Entry;
			sourceTree = "<group>";
		};
		9E98E142F8D8CC7F59075204 /* Configurator */ = {
			isa = PBXGroup;
			children = (
				60E0253C41CB556A2C2983D2 /* AuthModuleConfigurator.swift */,
			);
			path = Configurator;
			sourceTree = "<group>";
		};
		A3299C31EBE6A34F1E88E83A = {
			isa = PBXGroup;
			children = (
				412249B34E099437E895562B /* JiraTimeTracker */,
				2CC6807FBEAF92ECD55A568D /* UnitTests */,
				2383A61009B41FE8DB7438BE /* Products */,
				02C9CDB2EA11C3D7736A980D /* Pods */,
				3176AD726F909CCA0EF9E0D2 /* Frameworks */,
			);
			sourceTree = "<group>";
		};
		A4677AC4F48F5D6EF03D2A0A /* UIKit */ = {
			isa = PBXGroup;
			children = (
				B90C0E99245B4B0D0021D4DE /* CG */,
				BB7EC20117E735D0AC88EED8 /* UIApplication.swift */,
				B9709E80245D647000BE7974 /* UIImageView+Nuke.swift */,
			);
			path = UIKit;
			sourceTree = "<group>";
		};
		AA0E2F3445AE3021BE151A82 /* Extensions */ = {
			isa = PBXGroup;
			children = (
				A4677AC4F48F5D6EF03D2A0A /* UIKit */,
			);
			path = Extensions;
			sourceTree = "<group>";
		};
		AE0007C01BCBDD08A52AD7BF /* Configurator */ = {
			isa = PBXGroup;
			children = (
				8329354A7F4B904AB1016B8E /* ProjectsModuleConfiguratorTests.swift */,
			);
			path = Configurator;
			sourceTree = "<group>";
		};
		AE0B5FFABB2B9268F754DB6B /* Third Party */ = {
			isa = PBXGroup;
			children = (
				B974A5DA245D7293003E6AEC /* RDDM */,
				B9709E7F245D644D00BE7974 /* Nuke */,
				B9FC6C9C245CD4C200F51B7A /* NodeKit */,
			);
			path = "Third Party";
			sourceTree = "<group>";
		};
		B90C0E99245B4B0D0021D4DE /* CG */ = {
			isa = PBXGroup;
			children = (
				B90C0E9A245B4B1B0021D4DE /* CGFloat.swift */,
			);
			path = CG;
			sourceTree = "<group>";
		};
		B9709E74245CE1C000BE7974 /* List */ = {
			isa = PBXGroup;
			children = (
				7DC3830470428DC066C8E8A1 /* Configurator */,
				3DAB362BFA79F521CA8571BD /* Presenter */,
				F0294D17F8C213215F8D5EA0 /* View */,
			);
			path = List;
			sourceTree = "<group>";
		};
		B9709E77245D5E9900BE7974 /* Cells */ = {
			isa = PBXGroup;
			children = (
				B9709E78245D5EAF00BE7974 /* ShortProjectCell.swift */,
			);
			path = Cells;
			sourceTree = "<group>";
		};
		B9709E7A245D5FFD00BE7974 /* Labels */ = {
			isa = PBXGroup;
			children = (
				B9709E7B245D601100BE7974 /* UIStyle+UILabels.swift */,
				B9709E7D245D606500BE7974 /* CommonLabel.swift */,
			);
			path = Labels;
			sourceTree = "<group>";
		};
		B9709E7F245D644D00BE7974 /* Nuke */ = {
			isa = PBXGroup;
			children = (
			);
			path = Nuke;
			sourceTree = "<group>";
		};
		B974A5DA245D7293003E6AEC /* RDDM */ = {
			isa = PBXGroup;
			children = (
				B974A5DB245D72B2003E6AEC /* NonNibCellGenrator.swift */,
			);
			path = RDDM;
			sourceTree = "<group>";
		};
		B9807459245B5BD8006DCC69 /* Styles */ = {
			isa = PBXGroup;
			children = (
				B9709E7A245D5FFD00BE7974 /* Labels */,
				B980745F245B5EDF006DCC69 /* TextFields */,
				B980745B245B5C3A006DCC69 /* UIStyle+Controls.swift */,
				B980745A245B5C2A006DCC69 /* Buttons */,
			);
			path = Styles;
			sourceTree = "<group>";
		};
		B980745A245B5C2A006DCC69 /* Buttons */ = {
			isa = PBXGroup;
			children = (
				B980745D245B5CFA006DCC69 /* CommonUIButtonStyle.swift */,
				B9807464245B723A006DCC69 /* UIStyle+Buttons.swift */,
			);
			path = Buttons;
			sourceTree = "<group>";
		};
		B980745F245B5EDF006DCC69 /* TextFields */ = {
			isa = PBXGroup;
			children = (
				B9807460245B5F59006DCC69 /* CommonUnderlineTextFieldStyle.swift */,
				B9807462245B61A1006DCC69 /* UIStyle+TextFields.swift */,
				B9807468245B7D8D006DCC69 /* CommonTextFieldStyle.swift */,
			);
			path = TextFields;
			sourceTree = "<group>";
		};
		B98B5188F6AE055418F388F9 /* Strings */ = {
			isa = PBXGroup;
			children = (
				B9CAB5BF245B824B008C83C1 /* Localizable.strings */,
			);
			path = Strings;
			sourceTree = "<group>";
		};
		B9CAB5C3245C6019008C83C1 /* MessageBanner */ = {
			isa = PBXGroup;
			children = (
				B9CAB5C1245C5E30008C83C1 /* MessageBannerDisplaybale.swift */,
				B9CAB5C4245C602A008C83C1 /* MessageBannerView.swift */,
			);
			path = MessageBanner;
			sourceTree = "<group>";
		};
		B9FC6C79245CA06500F51B7A /* API */ = {
			isa = PBXGroup;
			children = (
				B9FC6C8C245CAAC500F51B7A /* Auth */,
				B9FC6C84245CA6E200F51B7A /* Projects */,
				B9FC6C88245CA77D00F51B7A /* ApiConstants.swift */,
			);
			path = API;
			sourceTree = "<group>";
		};
		B9FC6C84245CA6E200F51B7A /* Projects */ = {
			isa = PBXGroup;
			children = (
				B9FC6C7A245CA07800F51B7A /* JiraProjectService.swift */,
				B9FC6C86245CA71F00F51B7A /* JiraProjectsRoutes.swift */,
				B9FC6C8A245CA99B00F51B7A /* JiraProjectsNetworkService.swift */,
			);
			path = Projects;
			sourceTree = "<group>";
		};
		B9FC6C8C245CAAC500F51B7A /* Auth */ = {
			isa = PBXGroup;
			children = (
				B9FC6C8D245CAAD200F51B7A /* JiraAuthService.swift */,
				B9FC6C8F245CAB1B00F51B7A /* JiraAuthByProjectsService.swift */,
			);
			path = Auth;
			sourceTree = "<group>";
		};
		B9FC6C9C245CD4C200F51B7A /* NodeKit */ = {
			isa = PBXGroup;
			children = (
				B9FC6C9A245CD49300F51B7A /* AuhthorizedChain.swift */,
				B9FC6C9D245CD53700F51B7A /* TokenMetaDataProvider.swift */,
			);
			path = NodeKit;
			sourceTree = "<group>";
		};
		BBB84DD51FCA47EA86AB9672 /* Models */ = {
			isa = PBXGroup;
			children = (
				5A18D4756CB7B21030D4E90E /* Entity */,
				9772769E3CB9345B60B1C9A8 /* Entry */,
			);
			path = Models;
			sourceTree = "<group>";
		};
		C7E850A36D6CEFC788D8E578 /* Constants */ = {
			isa = PBXGroup;
			children = (
				5A9678E574F01E8F5764781C /* Assets.swift */,
				62B591DEFD2BC486CE0F9DE4 /* Strings.swift */,
				B9807466245B735F006DCC69 /* Colors.swift */,
				B9CAB5C6245C6840008C83C1 /* Appearence.swift */,
			);
			path = Constants;
			sourceTree = "<group>";
		};
		CC8A2B4740F6A52A675CB526 /* View */ = {
			isa = PBXGroup;
			children = (
				4B580826A2B4958C924F333B /* TabBarViewController.swift */,
				6DEAA5B4D3EE9DD7CA56DC9C /* TabBarViewController.storyboard */,
				49A8794FCBB25BE9281D467D /* TabBarViewInput.swift */,
				659B514CA0DF6EB2DE11D951 /* TabBarViewOutput.swift */,
			);
			path = View;
			sourceTree = "<group>";
		};
		CC967438C50195064484BCD0 /* Auth */ = {
			isa = PBXGroup;
			children = (
				9E98E142F8D8CC7F59075204 /* Configurator */,
				FDF12FF21CDBCA2E098B8503 /* Presenter */,
				0BBE2E182D004FC1B2BCBA96 /* View */,
			);
			path = Auth;
			sourceTree = "<group>";
		};
		CEC1A7F86DDF2105FA51C3EC /* Flows */ = {
			isa = PBXGroup;
			children = (
				F861D1157FBC30CCCF267642 /* Auth */,
				7B544AE5BFC941B3998A47BA /* Authorized */,
			);
			path = Flows;
			sourceTree = "<group>";
		};
		D348DF5D51FA149CAAE22402 /* Images */ = {
			isa = PBXGroup;
			children = (
				2BBC650093949B78908C4C32 /* Assets.xcassets */,
			);
			path = Images;
			sourceTree = "<group>";
		};
		D4198D3B121A2031A853C90F /* Projects */ = {
			isa = PBXGroup;
			children = (
				AE0007C01BCBDD08A52AD7BF /* Configurator */,
				44FB8E0E9F57B297962DB2BE /* Presenter */,
				4A5703D9C06C571F2F2DEF0A /* View */,
			);
			path = Projects;
			sourceTree = "<group>";
		};
		DDAB7801824B5F9A96D1DA16 /* Protocols */ = {
			isa = PBXGroup;
			children = (
				2E0A6E69B7DF7A56C6FA3563 /* Coordinator.swift */,
				F1347BE5081C315756CD443A /* Presentable.swift */,
				99295062C664191DF43C1E40 /* Router.swift */,
			);
			path = Protocols;
			sourceTree = "<group>";
		};
		EE9B867F58A26B3E7F1C0D30 /* Resources */ = {
			isa = PBXGroup;
			children = (
				8569D1711B1EB888AFB428CA /* .gitkeep */,
			);
			path = Resources;
			sourceTree = "<group>";
		};
		EF90976D6C249A8BB934D237 /* Resources */ = {
			isa = PBXGroup;
			children = (
				C7E850A36D6CEFC788D8E578 /* Constants */,
				D348DF5D51FA149CAAE22402 /* Images */,
				B98B5188F6AE055418F388F9 /* Strings */,
			);
			path = Resources;
			sourceTree = "<group>";
		};
		F0294D17F8C213215F8D5EA0 /* View */ = {
			isa = PBXGroup;
			children = (
				B9709E77245D5E9900BE7974 /* Cells */,
				1EF7A9C8EF1CEF2039FB1E75 /* ProjectsViewController.swift */,
				D843C184F02AFAC7C04A1D95 /* ProjectsListViewController.storyboard */,
				2B59532787CCC0EBAE8FEF9B /* ProjectsListViewInput.swift */,
				9E17E2CD57748AA6A81D76B6 /* ProjectsViewOutput.swift */,
			);
			path = View;
			sourceTree = "<group>";
		};
		F6EB656D3E589FFEB60EBAF7 /* Info */ = {
			isa = PBXGroup;
			children = (
				3BD4BB0EA3FAC7AB67F1B235 /* Debug */,
				4BE54D67FFE98A4012BA2189 /* Release */,
			);
			path = Info;
			sourceTree = "<group>";
		};
		F758E502A9EF564A133DBAE3 /* Application */ = {
			isa = PBXGroup;
			children = (
				5CED3D5F8F1D9E1F14B23F01 /* AppDelegate.swift */,
				DFECE88BAA140E3A1E59E8CB /* DeepLinkOption.swift */,
				30B5D85B1DA1356CF11AB1CB /* LaunchScreen.xib */,
				F6EB656D3E589FFEB60EBAF7 /* Info */,
				3B380778817F85D66CE761F7 /* Services */,
				B9FC6C94245CC17700F51B7A /* ApplicationCoordinator.swift */,
			);
			path = Application;
			sourceTree = "<group>";
		};
		F792160874AE743A30ABEC62 /* View */ = {
			isa = PBXGroup;
			children = (
				25553E43C92A661B7171A3AA /* AuthViewTests.swift */,
			);
			path = View;
			sourceTree = "<group>";
		};
		F861D1157FBC30CCCF267642 /* Auth */ = {
			isa = PBXGroup;
			children = (
				CC967438C50195064484BCD0 /* Auth */,
				B9FC6C96245CC1C300F51B7A /* AuthCoordinator.swift */,
			);
			path = Auth;
			sourceTree = "<group>";
		};
		FA508B6A4F4A86D579134E22 /* TabBar */ = {
			isa = PBXGroup;
			children = (
				59B9719765479E44E65C7931 /* Configurator */,
				821366E85E86E11D38529504 /* Presenter */,
				01763EFF0815645A0C6E96B1 /* View */,
			);
			path = TabBar;
			sourceTree = "<group>";
		};
		FDF12FF21CDBCA2E098B8503 /* Presenter */ = {
			isa = PBXGroup;
			children = (
				2771DBDC76DD3FA27DD2A0C0 /* AuthPresenter.swift */,
				5A407C0CC1F8C081293BCD36 /* AuthModuleInput.swift */,
				AA042CC345BA644509A811C9 /* AuthModuleOutput.swift */,
			);
			path = Presenter;
			sourceTree = "<group>";
		};
		FF08D37DD2F08F9BFF43049B /* Tests */ = {
			isa = PBXGroup;
			children = (
				33BF864C137D0273F3023E6A /* .gitkeep */,
			);
			path = Tests;
			sourceTree = "<group>";
		};
/* End PBXGroup section */

/* Begin PBXNativeTarget section */
		5376CAAFD038A39CCE99279C /* JiraTimeTrackerRelease */ = {
			isa = PBXNativeTarget;
			buildConfigurationList = 16542E86E8CBAF1CA9132955 /* Build configuration list for PBXNativeTarget "JiraTimeTrackerRelease" */;
			buildPhases = (
				E2CEE1800862741CAC31A7D3 /* [CP] Check Pods Manifest.lock */,
				FAF4AC1E69F944093A043E33 /* SwiftGen */,
				7B4B0ADF75EDCFC10C48855C /* Sources */,
				946554CA078D9A0138FCFF64 /* Swiftlint */,
				A1D5B4B8B26A4F3CA811B017 /* Resources */,
				CFB91A69DD6A8FC86793A917 /* Frameworks */,
				8819BC5617A7C859D3234EF3 /* [CP] Embed Pods Frameworks */,
			);
			buildRules = (
			);
			dependencies = (
			);
			name = JiraTimeTrackerRelease;
			productName = JiraTimeTrackerRelease;
			productReference = 94EC6757DCB2C6E00A6C38E9 /* JiraTimeTrackerRelease.app */;
			productType = "com.apple.product-type.application";
		};
		9B20B9BF96B420361D476206 /* UnitTests */ = {
			isa = PBXNativeTarget;
			buildConfigurationList = 0984E6B877B0BF7C93AB5036 /* Build configuration list for PBXNativeTarget "UnitTests" */;
			buildPhases = (
				AAF39C78E9AE785114E81CEC /* Sources */,
				549579C315C6B706336E107E /* Frameworks */,
			);
			buildRules = (
			);
			dependencies = (
				36737A3557A81D2A3E80DFE9 /* PBXTargetDependency */,
			);
			name = UnitTests;
			productName = UnitTests;
			productReference = 2AAECCAAF2BDD0DE7BBCAD4B /* UnitTests.xctest */;
			productType = "com.apple.product-type.bundle.unit-test";
		};
		A29733DBFFE363E02D20643B /* JiraTimeTrackerDebug */ = {
			isa = PBXNativeTarget;
			buildConfigurationList = C8E3B60BE5484A00396CAA02 /* Build configuration list for PBXNativeTarget "JiraTimeTrackerDebug" */;
			buildPhases = (
				EA5F992F7FA70145E6905B24 /* [CP] Check Pods Manifest.lock */,
				55BABCD6D20123EA678557D0 /* SwiftGen */,
				E513E3CDC7909C4DAC431501 /* Sources */,
				4DF65C1BC5EC567ED0A1211F /* Swiftlint */,
				5AC276224709268CA238FFFA /* Resources */,
				0845E78D18D979148EFA88A8 /* Frameworks */,
				25FCE34C1246AF3640D1899F /* [CP] Embed Pods Frameworks */,
			);
			buildRules = (
			);
			dependencies = (
			);
			name = JiraTimeTrackerDebug;
			productName = JiraTimeTrackerDebug;
			productReference = 749B04D6B6173ABC541CFE5D /* JTrack.app */;
			productType = "com.apple.product-type.application";
		};
/* End PBXNativeTarget section */

/* Begin PBXProject section */
		D73DE2FD070FF577D637D2EC /* Project object */ = {
			isa = PBXProject;
			attributes = {
				LastUpgradeCheck = 1131;
			};
			buildConfigurationList = 3ADCD94A4EE82B8AD4E3BC41 /* Build configuration list for PBXProject "JiraTimeTracker" */;
			compatibilityVersion = "Xcode 10.0";
			developmentRegion = en;
			hasScannedForEncodings = 0;
			knownRegions = (
				en,
				ru,
				Base,
			);
			mainGroup = A3299C31EBE6A34F1E88E83A;
			productRefGroup = 2383A61009B41FE8DB7438BE /* Products */;
			projectDirPath = "";
			projectRoot = "";
			targets = (
				A29733DBFFE363E02D20643B /* JiraTimeTrackerDebug */,
				5376CAAFD038A39CCE99279C /* JiraTimeTrackerRelease */,
				9B20B9BF96B420361D476206 /* UnitTests */,
			);
		};
/* End PBXProject section */

/* Begin PBXResourcesBuildPhase section */
		5AC276224709268CA238FFFA /* Resources */ = {
			isa = PBXResourcesBuildPhase;
			buildActionMask = 2147483647;
			files = (
				0C7720C4965B1FC708CD7129 /* Assets.xcassets in Resources */,
				39373DEAC1B253B2107F5C82 /* LaunchScreen.xib in Resources */,
				B9CAB5BC245B824B008C83C1 /* Localizable.strings in Resources */,
				D40C3FA9849224B62A519B33 /* AuthViewController.storyboard in Resources */,
				6B23111F968E1A1B4EC38100 /* TabBarViewController.storyboard in Resources */,
				89484B399031BF19F5AC7FD5 /* ProjectsListViewController.storyboard in Resources */,
			);
			runOnlyForDeploymentPostprocessing = 0;
		};
		A1D5B4B8B26A4F3CA811B017 /* Resources */ = {
			isa = PBXResourcesBuildPhase;
			buildActionMask = 2147483647;
			files = (
				028A509F63D8C48934F538B7 /* Assets.xcassets in Resources */,
				769D7EDF0C29E30CCAD9FFAA /* LaunchScreen.xib in Resources */,
				B9CAB5BD245B824B008C83C1 /* Localizable.strings in Resources */,
				3430E4FD7D22DF2903CD63FC /* AuthViewController.storyboard in Resources */,
				8027A4D97058C507ECFCB4B0 /* TabBarViewController.storyboard in Resources */,
				D8DE78AB178F621754C23D6E /* ProjectsListViewController.storyboard in Resources */,
			);
			runOnlyForDeploymentPostprocessing = 0;
		};
/* End PBXResourcesBuildPhase section */

/* Begin PBXShellScriptBuildPhase section */
		25FCE34C1246AF3640D1899F /* [CP] Embed Pods Frameworks */ = {
			isa = PBXShellScriptBuildPhase;
			buildActionMask = 2147483647;
			files = (
			);
			inputFileListPaths = (
				"${PODS_ROOT}/Target Support Files/Pods-JiraTimeTrackerDebug/Pods-JiraTimeTrackerDebug-frameworks-${CONFIGURATION}-input-files.xcfilelist",
			);
			name = "[CP] Embed Pods Frameworks";
			outputFileListPaths = (
				"${PODS_ROOT}/Target Support Files/Pods-JiraTimeTrackerDebug/Pods-JiraTimeTrackerDebug-frameworks-${CONFIGURATION}-output-files.xcfilelist",
			);
			runOnlyForDeploymentPostprocessing = 0;
			shellPath = /bin/sh;
			shellScript = "\"${PODS_ROOT}/Target Support Files/Pods-JiraTimeTrackerDebug/Pods-JiraTimeTrackerDebug-frameworks.sh\"\n";
			showEnvVarsInLog = 0;
		};
		4DF65C1BC5EC567ED0A1211F /* Swiftlint */ = {
			isa = PBXShellScriptBuildPhase;
			buildActionMask = 2147483647;
			files = (
			);
			inputFileListPaths = (
			);
			inputPaths = (
			);
			name = Swiftlint;
			outputFileListPaths = (
			);
			outputPaths = (
			);
			runOnlyForDeploymentPostprocessing = 0;
			shellPath = /bin/sh;
			shellScript = "${SRCROOT}/Pods/SwiftLint/swiftlint --config \"${SRCROOT}/.swiftlint.yml\"\n";
		};
		55BABCD6D20123EA678557D0 /* SwiftGen */ = {
			isa = PBXShellScriptBuildPhase;
			buildActionMask = 2147483647;
			files = (
			);
			inputFileListPaths = (
			);
			inputPaths = (
			);
			name = SwiftGen;
			outputFileListPaths = (
			);
			outputPaths = (
			);
			runOnlyForDeploymentPostprocessing = 0;
			shellPath = /bin/sh;
			shellScript = "${SRCROOT}/Pods/SwiftGen/bin/swiftgen\n";
		};
		8819BC5617A7C859D3234EF3 /* [CP] Embed Pods Frameworks */ = {
			isa = PBXShellScriptBuildPhase;
			buildActionMask = 2147483647;
			files = (
			);
			inputFileListPaths = (
				"${PODS_ROOT}/Target Support Files/Pods-JiraTimeTrackerRelease/Pods-JiraTimeTrackerRelease-frameworks-${CONFIGURATION}-input-files.xcfilelist",
			);
			name = "[CP] Embed Pods Frameworks";
			outputFileListPaths = (
				"${PODS_ROOT}/Target Support Files/Pods-JiraTimeTrackerRelease/Pods-JiraTimeTrackerRelease-frameworks-${CONFIGURATION}-output-files.xcfilelist",
			);
			runOnlyForDeploymentPostprocessing = 0;
			shellPath = /bin/sh;
			shellScript = "\"${PODS_ROOT}/Target Support Files/Pods-JiraTimeTrackerRelease/Pods-JiraTimeTrackerRelease-frameworks.sh\"\n";
			showEnvVarsInLog = 0;
		};
		946554CA078D9A0138FCFF64 /* Swiftlint */ = {
			isa = PBXShellScriptBuildPhase;
			buildActionMask = 2147483647;
			files = (
			);
			inputFileListPaths = (
			);
			inputPaths = (
			);
			name = Swiftlint;
			outputFileListPaths = (
			);
			outputPaths = (
			);
			runOnlyForDeploymentPostprocessing = 0;
			shellPath = /bin/sh;
			shellScript = "${SRCROOT}/Pods/SwiftLint/swiftlint --config \"${SRCROOT}/.swiftlint.yml\"";
		};
		E2CEE1800862741CAC31A7D3 /* [CP] Check Pods Manifest.lock */ = {
			isa = PBXShellScriptBuildPhase;
			buildActionMask = 2147483647;
			files = (
			);
			inputFileListPaths = (
			);
			inputPaths = (
				"${PODS_PODFILE_DIR_PATH}/Podfile.lock",
				"${PODS_ROOT}/Manifest.lock",
			);
			name = "[CP] Check Pods Manifest.lock";
			outputFileListPaths = (
			);
			outputPaths = (
				"$(DERIVED_FILE_DIR)/Pods-JiraTimeTrackerRelease-checkManifestLockResult.txt",
			);
			runOnlyForDeploymentPostprocessing = 0;
			shellPath = /bin/sh;
			shellScript = "diff \"${PODS_PODFILE_DIR_PATH}/Podfile.lock\" \"${PODS_ROOT}/Manifest.lock\" > /dev/null\nif [ $? != 0 ] ; then\n    # print error to STDERR\n    echo \"error: The sandbox is not in sync with the Podfile.lock. Run 'pod install' or update your CocoaPods installation.\" >&2\n    exit 1\nfi\n# This output is used by Xcode 'outputs' to avoid re-running this script phase.\necho \"SUCCESS\" > \"${SCRIPT_OUTPUT_FILE_0}\"\n";
			showEnvVarsInLog = 0;
		};
		EA5F992F7FA70145E6905B24 /* [CP] Check Pods Manifest.lock */ = {
			isa = PBXShellScriptBuildPhase;
			buildActionMask = 2147483647;
			files = (
			);
			inputFileListPaths = (
			);
			inputPaths = (
				"${PODS_PODFILE_DIR_PATH}/Podfile.lock",
				"${PODS_ROOT}/Manifest.lock",
			);
			name = "[CP] Check Pods Manifest.lock";
			outputFileListPaths = (
			);
			outputPaths = (
				"$(DERIVED_FILE_DIR)/Pods-JiraTimeTrackerDebug-checkManifestLockResult.txt",
			);
			runOnlyForDeploymentPostprocessing = 0;
			shellPath = /bin/sh;
			shellScript = "diff \"${PODS_PODFILE_DIR_PATH}/Podfile.lock\" \"${PODS_ROOT}/Manifest.lock\" > /dev/null\nif [ $? != 0 ] ; then\n    # print error to STDERR\n    echo \"error: The sandbox is not in sync with the Podfile.lock. Run 'pod install' or update your CocoaPods installation.\" >&2\n    exit 1\nfi\n# This output is used by Xcode 'outputs' to avoid re-running this script phase.\necho \"SUCCESS\" > \"${SCRIPT_OUTPUT_FILE_0}\"\n";
			showEnvVarsInLog = 0;
		};
		FAF4AC1E69F944093A043E33 /* SwiftGen */ = {
			isa = PBXShellScriptBuildPhase;
			buildActionMask = 2147483647;
			files = (
			);
			inputFileListPaths = (
			);
			inputPaths = (
			);
			name = SwiftGen;
			outputFileListPaths = (
			);
			outputPaths = (
			);
			runOnlyForDeploymentPostprocessing = 0;
			shellPath = /bin/sh;
			shellScript = "${SRCROOT}/Pods/SwiftGen/bin/swiftgen";
		};
/* End PBXShellScriptBuildPhase section */

/* Begin PBXSourcesBuildPhase section */
		7B4B0ADF75EDCFC10C48855C /* Sources */ = {
			isa = PBXSourcesBuildPhase;
			buildActionMask = 2147483647;
			files = (
				979AE2B83A01CB3284170BD5 /* AppDelegate.swift in Sources */,
				C732EE192D538800B139B05A /* Assets.swift in Sources */,
				8FEBC90FF4CC44F279D8F905 /* BaseCoordinator.swift in Sources */,
				E1F5E43FFE97024BB3379641 /* Coordinator.swift in Sources */,
				F148E922C9694F4D8ECB9CF9 /* DeepLinkOption.swift in Sources */,
				061E00C334642ACD5A3C52F2 /* LaunchingApplicationService.swift in Sources */,
				52A5AC1D24EB92F99022B5D5 /* MainRouter.swift in Sources */,
				27E4FCD550CB5452654B8556 /* Presentable.swift in Sources */,
				7F0C1983B990A40EC16FA95F /* Router.swift in Sources */,
				07F2246E5C21E7E6B760AB71 /* Strings.swift in Sources */,
				F9768DB4D38E3080171DE110 /* UIApplication.swift in Sources */,
				4AA291F9EEB7319B3D1096E5 /* AuthModuleConfigurator.swift in Sources */,
				ADD3FEFB2C74D31124CF8D08 /* AuthPresenter.swift in Sources */,
				D254937A355D3CDDF0503BE5 /* AuthModuleInput.swift in Sources */,
				D67BC20BE17D9E97CB7BA601 /* AuthModuleOutput.swift in Sources */,
				AB1A186C50DB75B71EEAF8DF /* AuthViewController.swift in Sources */,
				2DA50EA97675FED94EA5E723 /* AuthViewInput.swift in Sources */,
				582FB10EE65F0C6230D6A893 /* AuthViewOutput.swift in Sources */,
				224E28226D408C3B6BFEF109 /* TabBarModuleConfigurator.swift in Sources */,
				6015B34425C322A9199BDDFF /* TabBarPresenter.swift in Sources */,
				541C80A7CCB5C3A9DF953DF4 /* TabBarModuleInput.swift in Sources */,
				D0E2633AA005613820BAF0B4 /* TabBarModuleOutput.swift in Sources */,
				ABB437EAC84E3F00F3448ED5 /* TabBarViewController.swift in Sources */,
				97BE240EF94482C0FFDBCC60 /* TabBarViewInput.swift in Sources */,
				8E56741F252A8ED8E95C9DF6 /* TabBarViewOutput.swift in Sources */,
				F84B62A3B62EC0DB3B3398B3 /* ProjectsListModuleConfigurator.swift in Sources */,
				CDA297FBA847E6F43E38F367 /* ProjectsListPresenter.swift in Sources */,
				2E17E91F5DD44ECBC8BEDA68 /* ProjectsListModuleInput.swift in Sources */,
				577A10D1796D4839B026EF11 /* ProjectsListModuleOutput.swift in Sources */,
				07E3108D9C6BA3B26204167E /* ProjectsViewController.swift in Sources */,
				0F01979F4317B8F65D01C742 /* ProjectsListViewInput.swift in Sources */,
				4B5906670B60369E5CABA192 /* ProjectsViewOutput.swift in Sources */,
			);
			runOnlyForDeploymentPostprocessing = 0;
		};
		AAF39C78E9AE785114E81CEC /* Sources */ = {
			isa = PBXSourcesBuildPhase;
			buildActionMask = 2147483647;
			files = (
				67B324101AE9DB8DC2EEDB2E /* XCTestCase.swift in Sources */,
				FB3D50E55F06DB2CE3D92EFC /* AuthModuleConfiguratorTests.swift in Sources */,
				37B189EA642E6F6DB7A86BDA /* AuthPresenterTests.swift in Sources */,
				EB70594F3EBDF31C274325EE /* AuthViewTests.swift in Sources */,
				D998A7619052D4BC7B3CA03E /* TabBarModuleConfiguratorTests.swift in Sources */,
				12C152E3788FC9EF050FF988 /* TabBarPresenterTests.swift in Sources */,
				69524DC876035BCB79072D19 /* TabBarViewTests.swift in Sources */,
				96D5F7518F1B05E81E157D5E /* ProjectsModuleConfiguratorTests.swift in Sources */,
				5F73B76A8A49F28312FE647F /* ProjectsPresenterTests.swift in Sources */,
				D0903C2DA6644AED2B3DD0B6 /* ProjectsViewTests.swift in Sources */,
			);
			runOnlyForDeploymentPostprocessing = 0;
		};
		E513E3CDC7909C4DAC431501 /* Sources */ = {
			isa = PBXSourcesBuildPhase;
			buildActionMask = 2147483647;
			files = (
				908ABBBAE3D2223BBCEE6DDD /* AppDelegate.swift in Sources */,
				C874965F653DACF8BD244D1E /* Assets.swift in Sources */,
				B957D52A245D9DEB0059C989 /* ProjectCategoryEntity.swift in Sources */,
				B9807469245B7D8D006DCC69 /* CommonTextFieldStyle.swift in Sources */,
				B9FC6C99245CD28800F51B7A /* Tabs.swift in Sources */,
				86BEF918ED4220F49D3515B9 /* BaseCoordinator.swift in Sources */,
				B9FC6C97245CC1C300F51B7A /* AuthCoordinator.swift in Sources */,
				B9FC6C9B245CD49300F51B7A /* AuhthorizedChain.swift in Sources */,
				B9FC6C9E245CD53700F51B7A /* TokenMetaDataProvider.swift in Sources */,
				B9FC6C7D245CA3F500F51B7A /* ShortProjectEntry.swift in Sources */,
				B9807463245B61A1006DCC69 /* UIStyle+TextFields.swift in Sources */,
				2A774E6365BB17618FF761E9 /* Coordinator.swift in Sources */,
				A1DB6FC4E27AA5F5D767F880 /* DeepLinkOption.swift in Sources */,
				B9807465245B723A006DCC69 /* UIStyle+Buttons.swift in Sources */,
				B9807461245B5F59006DCC69 /* CommonUnderlineTextFieldStyle.swift in Sources */,
				B9FC6C95245CC17700F51B7A /* ApplicationCoordinator.swift in Sources */,
				B9807467245B735F006DCC69 /* Colors.swift in Sources */,
				B9CAB5C2245C5E30008C83C1 /* MessageBannerDisplaybale.swift in Sources */,
				2D30C6DF51C0DEB8137A5EBB /* LaunchingApplicationService.swift in Sources */,
				CBAFCB0D8509EB6271D8F609 /* MainRouter.swift in Sources */,
				B9FC6C87245CA71F00F51B7A /* JiraProjectsRoutes.swift in Sources */,
				B90C0E9B245B4B1B0021D4DE /* CGFloat.swift in Sources */,
				B9FC6C83245CA64A00F51B7A /* ShortProjectEntity.swift in Sources */,
				B9FC6C93245CB15900F51B7A /* Closures.swift in Sources */,
				E15A2200FEC7959CE6FA8CF1 /* Presentable.swift in Sources */,
				B9FC6C7B245CA07800F51B7A /* JiraProjectService.swift in Sources */,
				B9709E85245D68BA00BE7974 /* UserEntry.swift in Sources */,
				B957D528245D9D850059C989 /* ProjectCategoryEntry.swift in Sources */,
				CCFEF77F9E90859394772A36 /* Router.swift in Sources */,
				B9CAB5C7245C6840008C83C1 /* Appearence.swift in Sources */,
				B9FC6C8B245CA99B00F51B7A /* JiraProjectsNetworkService.swift in Sources */,
				B9FC6C90245CAB1B00F51B7A /* JiraAuthByProjectsService.swift in Sources */,
				B9FC6C7F245CA42F00F51B7A /* AvatarUrlEntry.swift in Sources */,
				B9CAB5C5245C602A008C83C1 /* MessageBannerView.swift in Sources */,
				3A469E6E735AD3CBFBE45870 /* Strings.swift in Sources */,
				B9FC6C8E245CAAD200F51B7A /* JiraAuthService.swift in Sources */,
				4C859994DC2096F0D5604B42 /* UIApplication.swift in Sources */,
				3071CF549F05633BF790FAFD /* AuthModuleConfigurator.swift in Sources */,
				B9FC6C81245CA5C800F51B7A /* AvatarUrlEntity.swift in Sources */,
				B980745E245B5CFA006DCC69 /* CommonUIButtonStyle.swift in Sources */,
				6E4AEBCD7E69D224C9AF0F8E /* AuthPresenter.swift in Sources */,
				B9709E81245D647000BE7974 /* UIImageView+Nuke.swift in Sources */,
				B9709E76245CE1E000BE7974 /* ProjectsCoordinator.swift in Sources */,
				24ABBF6A17F3942934AE7519 /* AuthModuleInput.swift in Sources */,
				EB2672743B731F27D5C1CF6F /* AuthModuleOutput.swift in Sources */,
				C9A29A0146191E52F291E12C /* AuthViewController.swift in Sources */,
				B9FC6C89245CA77D00F51B7A /* ApiConstants.swift in Sources */,
				B9FC6CA0245CDC3400F51B7A /* AuthorizedCoordinator.swift in Sources */,
				67AC8DA7B05B501A03DEE2A6 /* AuthViewInput.swift in Sources */,
				CACBB7CBB899797FBBA518AB /* AuthViewOutput.swift in Sources */,
				B980745C245B5C3A006DCC69 /* UIStyle+Controls.swift in Sources */,
				B974A5DC245D72B3003E6AEC /* NonNibCellGenrator.swift in Sources */,
				A61F5DE5B07B13CA601755CC /* TabBarModuleConfigurator.swift in Sources */,
				B9709E79245D5EAF00BE7974 /* ShortProjectCell.swift in Sources */,
				EDE457FDF24084A998CFC42A /* TabBarPresenter.swift in Sources */,
				A467C68592AB87565EE1E809 /* TabBarModuleInput.swift in Sources */,
				0B65E61A3779CB00BA8CBFA3 /* TabBarModuleOutput.swift in Sources */,
				7B81D01BDA220A4704B1DC20 /* TabBarViewController.swift in Sources */,
				B9709E7E245D606500BE7974 /* CommonLabel.swift in Sources */,
				B9709E83245D68B200BE7974 /* UserEntity.swift in Sources */,
				3A9EB151CE81B0B00488E24D /* TabBarViewInput.swift in Sources */,
				D61EBC928BC876301A1B8BD9 /* TabBarViewOutput.swift in Sources */,
				3E8F4BA55785324FC7D15787 /* ProjectsListModuleConfigurator.swift in Sources */,
				DAA13A10836CB35F6F6B781D /* ProjectsListPresenter.swift in Sources */,
				D418A1E00CE0C3E747CFD0CA /* ProjectsListModuleInput.swift in Sources */,
				5787D48B913764754AAA148A /* ProjectsListModuleOutput.swift in Sources */,
				B9709E7C245D601100BE7974 /* UIStyle+UILabels.swift in Sources */,
				6FAEC892116F49347687CA20 /* ProjectsViewController.swift in Sources */,
				8C4F6986B073D6FA576C03CB /* ProjectsListViewInput.swift in Sources */,
				065C8C0E1BF1D420C7E6D0AB /* ProjectsViewOutput.swift in Sources */,
			);
			runOnlyForDeploymentPostprocessing = 0;
		};
/* End PBXSourcesBuildPhase section */

/* Begin PBXTargetDependency section */
		36737A3557A81D2A3E80DFE9 /* PBXTargetDependency */ = {
			isa = PBXTargetDependency;
			target = 5376CAAFD038A39CCE99279C /* JiraTimeTrackerRelease */;
			targetProxy = 54A56F2077FDA7C512998960 /* PBXContainerItemProxy */;
		};
/* End PBXTargetDependency section */

/* Begin PBXVariantGroup section */
		B9CAB5BF245B824B008C83C1 /* Localizable.strings */ = {
			isa = PBXVariantGroup;
			children = (
				B9CAB5BE245B824B008C83C1 /* en */,
				B9CAB5C0245B829A008C83C1 /* ru */,
			);
			name = Localizable.strings;
			sourceTree = "<group>";
		};
/* End PBXVariantGroup section */

/* Begin XCBuildConfiguration section */
		29B73729AF3181EFDA9A8FBE /* Debug */ = {
			isa = XCBuildConfiguration;
			buildSettings = {
				ALWAYS_SEARCH_USER_PATHS = NO;
				CLANG_ANALYZER_NONNULL = YES;
				CLANG_ANALYZER_NUMBER_OBJECT_CONVERSION = YES_AGGRESSIVE;
				CLANG_CXX_LANGUAGE_STANDARD = "gnu++14";
				CLANG_CXX_LIBRARY = "libc++";
				CLANG_ENABLE_MODULES = YES;
				CLANG_ENABLE_OBJC_ARC = YES;
				CLANG_WARN_BLOCK_CAPTURE_AUTORELEASING = YES;
				CLANG_WARN_BOOL_CONVERSION = YES;
				CLANG_WARN_COMMA = YES;
				CLANG_WARN_CONSTANT_CONVERSION = YES;
				CLANG_WARN_DEPRECATED_OBJC_IMPLEMENTATIONS = YES;
				CLANG_WARN_DIRECT_OBJC_ISA_USAGE = YES_ERROR;
				CLANG_WARN_DOCUMENTATION_COMMENTS = YES;
				CLANG_WARN_EMPTY_BODY = YES;
				CLANG_WARN_ENUM_CONVERSION = YES;
				CLANG_WARN_INFINITE_RECURSION = YES;
				CLANG_WARN_INT_CONVERSION = YES;
				CLANG_WARN_NON_LITERAL_NULL_CONVERSION = YES;
				CLANG_WARN_OBJC_IMPLICIT_RETAIN_SELF = YES;
				CLANG_WARN_OBJC_LITERAL_CONVERSION = YES;
				CLANG_WARN_OBJC_ROOT_CLASS = YES_ERROR;
				CLANG_WARN_RANGE_LOOP_ANALYSIS = YES;
				CLANG_WARN_STRICT_PROTOTYPES = YES;
				CLANG_WARN_SUSPICIOUS_MOVE = YES;
				CLANG_WARN_UNGUARDED_AVAILABILITY = YES_AGGRESSIVE;
				CLANG_WARN_UNREACHABLE_CODE = YES;
				CLANG_WARN__DUPLICATE_METHOD_MATCH = YES;
				COPY_PHASE_STRIP = NO;
				DEBUG_INFORMATION_FORMAT = dwarf;
				ENABLE_STRICT_OBJC_MSGSEND = YES;
				ENABLE_TESTABILITY = YES;
				GCC_C_LANGUAGE_STANDARD = gnu11;
				GCC_DYNAMIC_NO_PIC = NO;
				GCC_NO_COMMON_BLOCKS = YES;
				GCC_OPTIMIZATION_LEVEL = 0;
				GCC_PREPROCESSOR_DEFINITIONS = (
					"$(inherited)",
					"DEBUG=1",
				);
				GCC_WARN_64_TO_32_BIT_CONVERSION = YES;
				GCC_WARN_ABOUT_RETURN_TYPE = YES_ERROR;
				GCC_WARN_UNDECLARED_SELECTOR = YES;
				GCC_WARN_UNINITIALIZED_AUTOS = YES_AGGRESSIVE;
				GCC_WARN_UNUSED_FUNCTION = YES;
				GCC_WARN_UNUSED_VARIABLE = YES;
				MTL_ENABLE_DEBUG_INFO = YES;
				ONLY_ACTIVE_ARCH = YES;
				PRODUCT_NAME = "$(TARGET_NAME)";
				SDKROOT = iphoneos;
				SWIFT_ACTIVE_COMPILATION_CONDITIONS = DEBUG;
				SWIFT_OPTIMIZATION_LEVEL = "-Onone";
				SWIFT_VERSION = 5.0;
			};
			name = Debug;
		};
		72FAB51CAC006F7F8AA48717 /* Debug */ = {
			isa = XCBuildConfiguration;
			buildSettings = {
				BUNDLE_LOADER = "$(TEST_HOST)";
				INFOPLIST_FILE = UnitTests/Info.plist;
				IPHONEOS_DEPLOYMENT_TARGET = 11.0;
				LD_RUNPATH_SEARCH_PATHS = (
					"$(inherited)",
					"@executable_path/Frameworks",
					"@loader_path/Frameworks",
				);
				SDKROOT = iphoneos;
				TARGETED_DEVICE_FAMILY = "1,2";
				TEST_HOST = "$(BUILT_PRODUCTS_DIR)/JiraTimeTrackerRelease.app/JiraTimeTrackerRelease";
			};
			name = Debug;
		};
		7BD8423EEDEA5E7AB4051121 /* Release */ = {
			isa = XCBuildConfiguration;
			baseConfigurationReference = 7E5AD123B11DD9F5DA2DFBFC /* Pods-JiraTimeTrackerRelease.release.xcconfig */;
			buildSettings = {
				ASSETCATALOG_COMPILER_APPICON_NAME = AppIcon;
				CODE_SIGN_IDENTITY = "iPhone Developer";
				DEVELOPMENT_TEAM = ZJ45BEVK69;
				INFOPLIST_FILE = JiraTimeTracker/Application/Info/Release/Info.plist;
				IPHONEOS_DEPLOYMENT_TARGET = 11.0;
				LD_RUNPATH_SEARCH_PATHS = (
					"$(inherited)",
					"@executable_path/Frameworks",
				);
				PRODUCT_BUNDLE_IDENTIFIER = ru.lastsprint.jiratimetracker.release;
				SDKROOT = iphoneos;
				TARGETED_DEVICE_FAMILY = "1,2";
			};
			name = Release;
		};
		9E8C454983F67C6CF0C603B2 /* Release */ = {
			isa = XCBuildConfiguration;
			baseConfigurationReference = 61475E25C7CA2A21965ED0C8 /* Pods-JiraTimeTrackerDebug.release.xcconfig */;
			buildSettings = {
				ASSETCATALOG_COMPILER_APPICON_NAME = "AppIcon-Debug";
				CODE_SIGN_IDENTITY = "iPhone Developer";
				DEVELOPMENT_TEAM = ZJ45BEVK69;
				INFOPLIST_FILE = JiraTimeTracker/Application/Info/Debug/Info.plist;
				IPHONEOS_DEPLOYMENT_TARGET = 11.0;
				LD_RUNPATH_SEARCH_PATHS = (
					"$(inherited)",
					"@executable_path/Frameworks",
				);
				PRODUCT_BUNDLE_IDENTIFIER = ru.lastsprint.jiratimetracker.debug;
				PRODUCT_NAME = JTrack;
				SDKROOT = iphoneos;
				TARGETED_DEVICE_FAMILY = "1,2";
			};
			name = Release;
		};
		B2B820305F9F6827E46EE3EF /* Debug */ = {
			isa = XCBuildConfiguration;
			baseConfigurationReference = A8BB281A5F272569B427E548 /* Pods-JiraTimeTrackerRelease.debug.xcconfig */;
			buildSettings = {
				ASSETCATALOG_COMPILER_APPICON_NAME = AppIcon;
				CODE_SIGN_IDENTITY = "iPhone Developer";
				DEVELOPMENT_TEAM = ZJ45BEVK69;
				INFOPLIST_FILE = JiraTimeTracker/Application/Info/Release/Info.plist;
				IPHONEOS_DEPLOYMENT_TARGET = 11.0;
				LD_RUNPATH_SEARCH_PATHS = (
					"$(inherited)",
					"@executable_path/Frameworks",
				);
				PRODUCT_BUNDLE_IDENTIFIER = ru.lastsprint.jiratimetracker.release;
				SDKROOT = iphoneos;
				TARGETED_DEVICE_FAMILY = "1,2";
			};
			name = Debug;
		};
		CF2E0A8A10771316AF03DC80 /* Release */ = {
			isa = XCBuildConfiguration;
			buildSettings = {
				ALWAYS_SEARCH_USER_PATHS = NO;
				CLANG_ANALYZER_NONNULL = YES;
				CLANG_ANALYZER_NUMBER_OBJECT_CONVERSION = YES_AGGRESSIVE;
				CLANG_CXX_LANGUAGE_STANDARD = "gnu++14";
				CLANG_CXX_LIBRARY = "libc++";
				CLANG_ENABLE_MODULES = YES;
				CLANG_ENABLE_OBJC_ARC = YES;
				CLANG_WARN_BLOCK_CAPTURE_AUTORELEASING = YES;
				CLANG_WARN_BOOL_CONVERSION = YES;
				CLANG_WARN_COMMA = YES;
				CLANG_WARN_CONSTANT_CONVERSION = YES;
				CLANG_WARN_DEPRECATED_OBJC_IMPLEMENTATIONS = YES;
				CLANG_WARN_DIRECT_OBJC_ISA_USAGE = YES_ERROR;
				CLANG_WARN_DOCUMENTATION_COMMENTS = YES;
				CLANG_WARN_EMPTY_BODY = YES;
				CLANG_WARN_ENUM_CONVERSION = YES;
				CLANG_WARN_INFINITE_RECURSION = YES;
				CLANG_WARN_INT_CONVERSION = YES;
				CLANG_WARN_NON_LITERAL_NULL_CONVERSION = YES;
				CLANG_WARN_OBJC_IMPLICIT_RETAIN_SELF = YES;
				CLANG_WARN_OBJC_LITERAL_CONVERSION = YES;
				CLANG_WARN_OBJC_ROOT_CLASS = YES_ERROR;
				CLANG_WARN_RANGE_LOOP_ANALYSIS = YES;
				CLANG_WARN_STRICT_PROTOTYPES = YES;
				CLANG_WARN_SUSPICIOUS_MOVE = YES;
				CLANG_WARN_UNGUARDED_AVAILABILITY = YES_AGGRESSIVE;
				CLANG_WARN_UNREACHABLE_CODE = YES;
				CLANG_WARN__DUPLICATE_METHOD_MATCH = YES;
				COPY_PHASE_STRIP = NO;
				DEBUG_INFORMATION_FORMAT = "dwarf-with-dsym";
				ENABLE_NS_ASSERTIONS = NO;
				ENABLE_STRICT_OBJC_MSGSEND = YES;
				GCC_C_LANGUAGE_STANDARD = gnu11;
				GCC_NO_COMMON_BLOCKS = YES;
				GCC_WARN_64_TO_32_BIT_CONVERSION = YES;
				GCC_WARN_ABOUT_RETURN_TYPE = YES_ERROR;
				GCC_WARN_UNDECLARED_SELECTOR = YES;
				GCC_WARN_UNINITIALIZED_AUTOS = YES_AGGRESSIVE;
				GCC_WARN_UNUSED_FUNCTION = YES;
				GCC_WARN_UNUSED_VARIABLE = YES;
				PRODUCT_NAME = "$(TARGET_NAME)";
				SDKROOT = iphoneos;
				SWIFT_COMPILATION_MODE = wholemodule;
				SWIFT_VERSION = 5.0;
				VALIDATE_PRODUCT = YES;
			};
			name = Release;
		};
		E84FEE531E5E20B6C3896CD7 /* Debug */ = {
			isa = XCBuildConfiguration;
			baseConfigurationReference = 6404680037EC54118BCC8B45 /* Pods-JiraTimeTrackerDebug.debug.xcconfig */;
			buildSettings = {
				ASSETCATALOG_COMPILER_APPICON_NAME = "AppIcon-Debug";
				CODE_SIGN_IDENTITY = "iPhone Developer";
				DEVELOPMENT_TEAM = ZJ45BEVK69;
				INFOPLIST_FILE = JiraTimeTracker/Application/Info/Debug/Info.plist;
				IPHONEOS_DEPLOYMENT_TARGET = 11.0;
				LD_RUNPATH_SEARCH_PATHS = (
					"$(inherited)",
					"@executable_path/Frameworks",
				);
				PRODUCT_BUNDLE_IDENTIFIER = ru.lastsprint.jiratimetracker.debug;
				PRODUCT_NAME = JTrack;
				SDKROOT = iphoneos;
				TARGETED_DEVICE_FAMILY = "1,2";
			};
			name = Debug;
		};
		F2D5B8CE9AED346BE1704278 /* Release */ = {
			isa = XCBuildConfiguration;
			buildSettings = {
				BUNDLE_LOADER = "$(TEST_HOST)";
				INFOPLIST_FILE = UnitTests/Info.plist;
				IPHONEOS_DEPLOYMENT_TARGET = 11.0;
				LD_RUNPATH_SEARCH_PATHS = (
					"$(inherited)",
					"@executable_path/Frameworks",
					"@loader_path/Frameworks",
				);
				SDKROOT = iphoneos;
				TARGETED_DEVICE_FAMILY = "1,2";
				TEST_HOST = "$(BUILT_PRODUCTS_DIR)/JiraTimeTrackerRelease.app/JiraTimeTrackerRelease";
			};
			name = Release;
		};
/* End XCBuildConfiguration section */

/* Begin XCConfigurationList section */
		0984E6B877B0BF7C93AB5036 /* Build configuration list for PBXNativeTarget "UnitTests" */ = {
			isa = XCConfigurationList;
			buildConfigurations = (
				72FAB51CAC006F7F8AA48717 /* Debug */,
				F2D5B8CE9AED346BE1704278 /* Release */,
			);
			defaultConfigurationIsVisible = 0;
			defaultConfigurationName = Debug;
		};
		16542E86E8CBAF1CA9132955 /* Build configuration list for PBXNativeTarget "JiraTimeTrackerRelease" */ = {
			isa = XCConfigurationList;
			buildConfigurations = (
				B2B820305F9F6827E46EE3EF /* Debug */,
				7BD8423EEDEA5E7AB4051121 /* Release */,
			);
			defaultConfigurationIsVisible = 0;
			defaultConfigurationName = Debug;
		};
		3ADCD94A4EE82B8AD4E3BC41 /* Build configuration list for PBXProject "JiraTimeTracker" */ = {
			isa = XCConfigurationList;
			buildConfigurations = (
				29B73729AF3181EFDA9A8FBE /* Debug */,
				CF2E0A8A10771316AF03DC80 /* Release */,
			);
			defaultConfigurationIsVisible = 0;
			defaultConfigurationName = Debug;
		};
		C8E3B60BE5484A00396CAA02 /* Build configuration list for PBXNativeTarget "JiraTimeTrackerDebug" */ = {
			isa = XCConfigurationList;
			buildConfigurations = (
				E84FEE531E5E20B6C3896CD7 /* Debug */,
				9E8C454983F67C6CF0C603B2 /* Release */,
			);
			defaultConfigurationIsVisible = 0;
			defaultConfigurationName = Debug;
		};
/* End XCConfigurationList section */
	};
	rootObject = D73DE2FD070FF577D637D2EC /* Project object */;
}
